
Microsoft Visual Studio Solution File, Format Version 12.00
# Visual Studio 2013
VisualStudioVersion = 12.0.30110.0
MinimumVisualStudioVersion = 10.0.40219.1
Project("{FAE04EC0-301F-11D3-BF4B-00C04F79EFBC}") = "MonoGame.Framework.Portable", "MonoGame.Framework\MonoGame.Framework.Portable.csproj", "{FFCCDE91-500E-47EF-8342-5CA5C85A67FE}"
EndProject
Global
	GlobalSection(SolutionConfigurationPlatforms) = preSolution
		Debug|Any CPU = Debug|Any CPU
		Debug|ARM = Debug|ARM
		Debug|iPhone = Debug|iPhone
		Debug|iPhoneSimulator = Debug|iPhoneSimulator
		Debug|Mixed Platforms = Debug|Mixed Platforms
		Debug|x64 = Debug|x64
		Debug|x86 = Debug|x86
		Release|Any CPU = Release|Any CPU
		Release|ARM = Release|ARM
		Release|iPhone = Release|iPhone
		Release|iPhoneSimulator = Release|iPhoneSimulator
		Release|Mixed Platforms = Release|Mixed Platforms
		Release|x64 = Release|x64
		Release|x86 = Release|x86
	EndGlobalSection
	GlobalSection(ProjectConfigurationPlatforms) = postSolution
		{FFCCDE91-500E-47EF-8342-5CA5C85A67FE}.Debug|Any CPU.ActiveCfg = Debug|Any CPU
		{FFCCDE91-500E-47EF-8342-5CA5C85A67FE}.Debug|Any CPU.Build.0 = Debug|Any CPU
		{FFCCDE91-500E-47EF-8342-5CA5C85A67FE}.Debug|ARM.ActiveCfg = Debug|Any CPU
		{FFCCDE91-500E-47EF-8342-5CA5C85A67FE}.Debug|iPhone.ActiveCfg = Debug|Any CPU
		{FFCCDE91-500E-47EF-8342-5CA5C85A67FE}.Debug|iPhoneSimulator.ActiveCfg = Debug|Any CPU
		{FFCCDE91-500E-47EF-8342-5CA5C85A67FE}.Debug|Mixed Platforms.ActiveCfg = Debug|Any CPU
		{FFCCDE91-500E-47EF-8342-5CA5C85A67FE}.Debug|Mixed Platforms.Build.0 = Debug|Any CPU
		{FFCCDE91-500E-47EF-8342-5CA5C85A67FE}.Debug|x64.ActiveCfg = Debug|Any CPU
		{FFCCDE91-500E-47EF-8342-5CA5C85A67FE}.Debug|x86.ActiveCfg = Debug|Any CPU
		{FFCCDE91-500E-47EF-8342-5CA5C85A67FE}.Release|Any CPU.ActiveCfg = Release|Any CPU
		{FFCCDE91-500E-47EF-8342-5CA5C85A67FE}.Release|Any CPU.Build.0 = Release|Any CPU
		{FFCCDE91-500E-47EF-8342-5CA5C85A67FE}.Release|ARM.ActiveCfg = Release|Any CPU
		{FFCCDE91-500E-47EF-8342-5CA5C85A67FE}.Release|iPhone.ActiveCfg = Release|Any CPU
		{FFCCDE91-500E-47EF-8342-5CA5C85A67FE}.Release|iPhoneSimulator.ActiveCfg = Release|Any CPU
		{FFCCDE91-500E-47EF-8342-5CA5C85A67FE}.Release|Mixed Platforms.ActiveCfg = Release|Any CPU
		{FFCCDE91-500E-47EF-8342-5CA5C85A67FE}.Release|Mixed Platforms.Build.0 = Release|Any CPU
		{FFCCDE91-500E-47EF-8342-5CA5C85A67FE}.Release|x64.ActiveCfg = Release|Any CPU
		{FFCCDE91-500E-47EF-8342-5CA5C85A67FE}.Release|x86.ActiveCfg = Release|Any CPU
	EndGlobalSection
	GlobalSection(SolutionProperties) = preSolution
		HideSolutionNode = FALSE
	EndGlobalSection
EndGlobal
