
Microsoft Visual Studio Solution File, Format Version 12.00
# Visual Studio 2012
VisualStudioVersion = 12.0.30723.0
MinimumVisualStudioVersion = 10.0.40219.1
Project("{FAE04EC0-301F-11D3-BF4B-00C04F79EFBC}") = "MonoGame.Framework.Windows", "MonoGame.Framework\MonoGame.Framework.Windows.csproj", "{7DE47032-A904-4C29-BD22-2D235E8D91BA}"
EndProject
Project("{FAE04EC0-301F-11D3-BF4B-00C04F79EFBC}") = "MonoGame.Framework.WindowsGL", "MonoGame.Framework\MonoGame.Framework.WindowsGL.csproj", "{6D75E618-19CA-4C51-9546-F10965FBC0B8}"
EndProject
Project("{FAE04EC0-301F-11D3-BF4B-00C04F79EFBC}") = "MonoGame.Framework.Windows8", "MonoGame.Framework\MonoGame.Framework.Windows8.csproj", "{0518563C-ACCA-4A14-8C5D-DDBE93E2605F}"
EndProject
Project("{FAE04EC0-301F-11D3-BF4B-00C04F79EFBC}") = "MonoGame.Framework.WindowsPhone", "MonoGame.Framework\MonoGame.Framework.WindowsPhone.csproj", "{BAA9A6E4-7690-4DE0-9531-DE0EAEEC9739}"
EndProject
Project("{FAE04EC0-301F-11D3-BF4B-00C04F79EFBC}") = "MonoGame.Framework.Portable", "MonoGame.Framework\MonoGame.Framework.Portable.csproj", "{FFCCDE91-500E-47EF-8342-5CA5C85A67FE}"
EndProject
Project("{FAE04EC0-301F-11D3-BF4B-00C04F79EFBC}") = "MonoGame.Framework.Net.Windows", "MonoGame.Framework\MonoGame.Framework.Net.Windows.csproj", "{87A71215-7CAC-4B80-9D43-1700DECFB828}"
EndProject
Project("{FAE04EC0-301F-11D3-BF4B-00C04F79EFBC}") = "MonoGame.Framework.Net.Windows8", "MonoGame.Framework\MonoGame.Framework.Net.Windows8.csproj", "{A65B8326-1DDD-4E5D-8130-E74F70919E81}"
EndProject
Project("{FAE04EC0-301F-11D3-BF4B-00C04F79EFBC}") = "MonoGame.Framework.Net.WindowsPhone", "MonoGame.Framework\MonoGame.Framework.Net.WindowsPhone.csproj", "{C6DA906E-9E4A-428B-8870-07A39B172F83}"
EndProject
Project("{FAE04EC0-301F-11D3-BF4B-00C04F79EFBC}") = "MonoGame.Framework.Net.WindowsGL", "MonoGame.Framework\MonoGame.Framework.Net.WindowsGL.csproj", "{6D6009F4-0AFB-4806-89D7-7945F20270F5}"
EndProject
Project("{FAE04EC0-301F-11D3-BF4B-00C04F79EFBC}") = "MonoGame.Framework.Net.Portable", "MonoGame.Framework\MonoGame.Framework.Net.Portable.csproj", "{E21858C2-3011-4AC2-B3BA-57FB4EE7609A}"
EndProject
Project("{FAE04EC0-301F-11D3-BF4B-00C04F79EFBC}") = "Lidgren.Network.Windows", "ThirdParty\Lidgren.Network\Lidgren.Network.Windows.csproj", "{AE483C29-042E-4226-BA52-D247CE7676DA}"
EndProject
Project("{FAE04EC0-301F-11D3-BF4B-00C04F79EFBC}") = "Lidgren.Network.Linux", "ThirdParty\Lidgren.Network\Lidgren.Network.Linux.csproj", "{758CB33D-6EBD-41EA-BB0C-55B1C97A325F}"
EndProject
Project("{FAE04EC0-301F-11D3-BF4B-00C04F79EFBC}") = "Lidgren.Network.MacOS", "ThirdParty\Lidgren.Network\Lidgren.Network.MacOS.csproj", "{5C3DC4FF-FE5A-4B94-B4A6-6F79E63F3130}"
EndProject
Project("{FAE04EC0-301F-11D3-BF4B-00C04F79EFBC}") = "Lidgren.Network.iOS", "ThirdParty\Lidgren.Network\Lidgren.Network.iOS.csproj", "{734EAA48-F1CA-481A-B391-0285BC0E8B40}"
EndProject
Project("{FAE04EC0-301F-11D3-BF4B-00C04F79EFBC}") = "Lidgren.Network.Android", "ThirdParty\Lidgren.Network\Lidgren.Network.Android.csproj", "{565129E0-4EE5-4F6F-B403-C3484C9740BE}"
EndProject
Project("{FAE04EC0-301F-11D3-BF4B-00C04F79EFBC}") = "MonoGame.Framework.Android", "MonoGame.Framework\MonoGame.Framework.Android.csproj", "{BA9476CF-99BA-4D03-92F2-73D2C5E58883}"
EndProject
Project("{FAE04EC0-301F-11D3-BF4B-00C04F79EFBC}") = "MonoGame.Framework.iOS", "MonoGame.Framework\MonoGame.Framework.iOS.csproj", "{DB8508BB-9849-4CC2-BC0F-8EB5DACB3C47}"
EndProject
Project("{FAE04EC0-301F-11D3-BF4B-00C04F79EFBC}") = "MonoGame.Framework.Linux", "MonoGame.Framework\MonoGame.Framework.Linux.csproj", "{35253CE1-C864-4CD3-8249-4D1319748E8F}"
EndProject
Project("{FAE04EC0-301F-11D3-BF4B-00C04F79EFBC}") = "MonoGame.Framework.Net.Android", "MonoGame.Framework\MonoGame.Framework.Net.Android.csproj", "{713EE5CA-C850-42AD-AC67-B6546AC8BFFB}"
EndProject
Project("{FAE04EC0-301F-11D3-BF4B-00C04F79EFBC}") = "MonoGame.Framework.Net.iOS", "MonoGame.Framework\MonoGame.Framework.Net.iOS.csproj", "{D4838656-8545-4DC5-8822-D4AD313E17AC}"
EndProject
Project("{FAE04EC0-301F-11D3-BF4B-00C04F79EFBC}") = "MonoGame.Framework.Net.Linux", "MonoGame.Framework\MonoGame.Framework.Net.Linux.csproj", "{1B738549-0449-4504-B978-7BFC347E3F3C}"
EndProject
Project("{FAE04EC0-301F-11D3-BF4B-00C04F79EFBC}") = "MonoGame.Framework.MacOS", "MonoGame.Framework\MonoGame.Framework.MacOS.csproj", "{36C538E6-C32A-4A8D-A39C-566173D7118E}"
EndProject
Project("{FAE04EC0-301F-11D3-BF4B-00C04F79EFBC}") = "MonoGame.Framework.Net.MacOS", "MonoGame.Framework\MonoGame.Framework.Net.MacOS.csproj", "{1294038B-66C2-4359-AFE9-EA06A758CA94}"
EndProject
Global
	GlobalSection(SolutionConfigurationPlatforms) = preSolution
		Ad-Hoc|Any CPU = Ad-Hoc|Any CPU
		Ad-Hoc|ARM = Ad-Hoc|ARM
		Ad-Hoc|iPhone = Ad-Hoc|iPhone
		Ad-Hoc|iPhoneSimulator = Ad-Hoc|iPhoneSimulator
		Ad-Hoc|Mixed Platforms = Ad-Hoc|Mixed Platforms
		Ad-Hoc|x86 = Ad-Hoc|x86
		AppStore|Any CPU = AppStore|Any CPU
		AppStore|ARM = AppStore|ARM
		AppStore|iPhone = AppStore|iPhone
		AppStore|iPhoneSimulator = AppStore|iPhoneSimulator
		AppStore|Mixed Platforms = AppStore|Mixed Platforms
		AppStore|x86 = AppStore|x86
		Debug|Any CPU = Debug|Any CPU
		Debug|ARM = Debug|ARM
		Debug|iPhone = Debug|iPhone
		Debug|iPhoneSimulator = Debug|iPhoneSimulator
		Debug|Mixed Platforms = Debug|Mixed Platforms
		Debug|x86 = Debug|x86
		Release|Any CPU = Release|Any CPU
		Release|ARM = Release|ARM
		Release|iPhone = Release|iPhone
		Release|iPhoneSimulator = Release|iPhoneSimulator
		Release|Mixed Platforms = Release|Mixed Platforms
		Release|x86 = Release|x86
	EndGlobalSection
	GlobalSection(ProjectConfigurationPlatforms) = postSolution
		{0518563C-ACCA-4A14-8C5D-DDBE93E2605F}.Ad-Hoc|Any CPU.ActiveCfg = Release|Any CPU
		{0518563C-ACCA-4A14-8C5D-DDBE93E2605F}.Ad-Hoc|Any CPU.Build.0 = Release|Any CPU
		{0518563C-ACCA-4A14-8C5D-DDBE93E2605F}.Ad-Hoc|ARM.ActiveCfg = Release|Any CPU
		{0518563C-ACCA-4A14-8C5D-DDBE93E2605F}.Ad-Hoc|iPhone.ActiveCfg = Release|Any CPU
		{0518563C-ACCA-4A14-8C5D-DDBE93E2605F}.Ad-Hoc|iPhoneSimulator.ActiveCfg = Release|Any CPU
		{0518563C-ACCA-4A14-8C5D-DDBE93E2605F}.Ad-Hoc|Mixed Platforms.ActiveCfg = Release|Any CPU
		{0518563C-ACCA-4A14-8C5D-DDBE93E2605F}.Ad-Hoc|Mixed Platforms.Build.0 = Release|Any CPU
		{0518563C-ACCA-4A14-8C5D-DDBE93E2605F}.Ad-Hoc|x86.ActiveCfg = Release|Any CPU
		{0518563C-ACCA-4A14-8C5D-DDBE93E2605F}.AppStore|Any CPU.ActiveCfg = Release|Any CPU
		{0518563C-ACCA-4A14-8C5D-DDBE93E2605F}.AppStore|Any CPU.Build.0 = Release|Any CPU
		{0518563C-ACCA-4A14-8C5D-DDBE93E2605F}.AppStore|ARM.ActiveCfg = Release|Any CPU
		{0518563C-ACCA-4A14-8C5D-DDBE93E2605F}.AppStore|iPhone.ActiveCfg = Release|Any CPU
		{0518563C-ACCA-4A14-8C5D-DDBE93E2605F}.AppStore|iPhoneSimulator.ActiveCfg = Release|Any CPU
		{0518563C-ACCA-4A14-8C5D-DDBE93E2605F}.AppStore|Mixed Platforms.ActiveCfg = Release|Any CPU
		{0518563C-ACCA-4A14-8C5D-DDBE93E2605F}.AppStore|Mixed Platforms.Build.0 = Release|Any CPU
		{0518563C-ACCA-4A14-8C5D-DDBE93E2605F}.AppStore|x86.ActiveCfg = Release|Any CPU
		{0518563C-ACCA-4A14-8C5D-DDBE93E2605F}.Debug|Any CPU.ActiveCfg = Debug|Any CPU
		{0518563C-ACCA-4A14-8C5D-DDBE93E2605F}.Debug|Any CPU.Build.0 = Debug|Any CPU
		{0518563C-ACCA-4A14-8C5D-DDBE93E2605F}.Debug|ARM.ActiveCfg = Debug|Any CPU
		{0518563C-ACCA-4A14-8C5D-DDBE93E2605F}.Debug|iPhone.ActiveCfg = Debug|Any CPU
		{0518563C-ACCA-4A14-8C5D-DDBE93E2605F}.Debug|iPhoneSimulator.ActiveCfg = Debug|Any CPU
		{0518563C-ACCA-4A14-8C5D-DDBE93E2605F}.Debug|Mixed Platforms.ActiveCfg = Debug|Any CPU
		{0518563C-ACCA-4A14-8C5D-DDBE93E2605F}.Debug|Mixed Platforms.Build.0 = Debug|Any CPU
		{0518563C-ACCA-4A14-8C5D-DDBE93E2605F}.Debug|x86.ActiveCfg = Debug|Any CPU
		{0518563C-ACCA-4A14-8C5D-DDBE93E2605F}.Release|Any CPU.ActiveCfg = Release|Any CPU
		{0518563C-ACCA-4A14-8C5D-DDBE93E2605F}.Release|Any CPU.Build.0 = Release|Any CPU
		{0518563C-ACCA-4A14-8C5D-DDBE93E2605F}.Release|ARM.ActiveCfg = Release|Any CPU
		{0518563C-ACCA-4A14-8C5D-DDBE93E2605F}.Release|iPhone.ActiveCfg = Release|Any CPU
		{0518563C-ACCA-4A14-8C5D-DDBE93E2605F}.Release|iPhoneSimulator.ActiveCfg = Release|Any CPU
		{0518563C-ACCA-4A14-8C5D-DDBE93E2605F}.Release|Mixed Platforms.ActiveCfg = Release|Any CPU
		{0518563C-ACCA-4A14-8C5D-DDBE93E2605F}.Release|Mixed Platforms.Build.0 = Release|Any CPU
		{0518563C-ACCA-4A14-8C5D-DDBE93E2605F}.Release|x86.ActiveCfg = Release|Any CPU
		{1294038B-66C2-4359-AFE9-EA06A758CA94}.Ad-Hoc|Any CPU.ActiveCfg = Release|Any CPU
		{1294038B-66C2-4359-AFE9-EA06A758CA94}.Ad-Hoc|Any CPU.Build.0 = Release|Any CPU
		{1294038B-66C2-4359-AFE9-EA06A758CA94}.Ad-Hoc|ARM.ActiveCfg = Release|Any CPU
		{1294038B-66C2-4359-AFE9-EA06A758CA94}.Ad-Hoc|ARM.Build.0 = Release|Any CPU
		{1294038B-66C2-4359-AFE9-EA06A758CA94}.Ad-Hoc|iPhone.ActiveCfg = Release|Any CPU
		{1294038B-66C2-4359-AFE9-EA06A758CA94}.Ad-Hoc|iPhone.Build.0 = Release|Any CPU
		{1294038B-66C2-4359-AFE9-EA06A758CA94}.Ad-Hoc|iPhoneSimulator.ActiveCfg = Release|Any CPU
		{1294038B-66C2-4359-AFE9-EA06A758CA94}.Ad-Hoc|iPhoneSimulator.Build.0 = Release|Any CPU
		{1294038B-66C2-4359-AFE9-EA06A758CA94}.Ad-Hoc|Mixed Platforms.ActiveCfg = Release|Any CPU
		{1294038B-66C2-4359-AFE9-EA06A758CA94}.Ad-Hoc|Mixed Platforms.Build.0 = Release|Any CPU
		{1294038B-66C2-4359-AFE9-EA06A758CA94}.Ad-Hoc|x86.ActiveCfg = Release|Any CPU
		{1294038B-66C2-4359-AFE9-EA06A758CA94}.Ad-Hoc|x86.Build.0 = Release|Any CPU
		{1294038B-66C2-4359-AFE9-EA06A758CA94}.AppStore|Any CPU.ActiveCfg = Release|Any CPU
		{1294038B-66C2-4359-AFE9-EA06A758CA94}.AppStore|Any CPU.Build.0 = Release|Any CPU
		{1294038B-66C2-4359-AFE9-EA06A758CA94}.AppStore|ARM.ActiveCfg = Release|Any CPU
		{1294038B-66C2-4359-AFE9-EA06A758CA94}.AppStore|ARM.Build.0 = Release|Any CPU
		{1294038B-66C2-4359-AFE9-EA06A758CA94}.AppStore|iPhone.ActiveCfg = Release|Any CPU
		{1294038B-66C2-4359-AFE9-EA06A758CA94}.AppStore|iPhone.Build.0 = Release|Any CPU
		{1294038B-66C2-4359-AFE9-EA06A758CA94}.AppStore|iPhoneSimulator.ActiveCfg = Release|Any CPU
		{1294038B-66C2-4359-AFE9-EA06A758CA94}.AppStore|iPhoneSimulator.Build.0 = Release|Any CPU
		{1294038B-66C2-4359-AFE9-EA06A758CA94}.AppStore|Mixed Platforms.ActiveCfg = Release|Any CPU
		{1294038B-66C2-4359-AFE9-EA06A758CA94}.AppStore|Mixed Platforms.Build.0 = Release|Any CPU
		{1294038B-66C2-4359-AFE9-EA06A758CA94}.AppStore|x86.ActiveCfg = Release|Any CPU
		{1294038B-66C2-4359-AFE9-EA06A758CA94}.AppStore|x86.Build.0 = Release|Any CPU
		{1294038B-66C2-4359-AFE9-EA06A758CA94}.Debug|Any CPU.ActiveCfg = Debug|Any CPU
		{1294038B-66C2-4359-AFE9-EA06A758CA94}.Debug|Any CPU.Build.0 = Debug|Any CPU
		{1294038B-66C2-4359-AFE9-EA06A758CA94}.Debug|ARM.ActiveCfg = Debug|Any CPU
		{1294038B-66C2-4359-AFE9-EA06A758CA94}.Debug|ARM.Build.0 = Debug|Any CPU
		{1294038B-66C2-4359-AFE9-EA06A758CA94}.Debug|iPhone.ActiveCfg = Debug|Any CPU
		{1294038B-66C2-4359-AFE9-EA06A758CA94}.Debug|iPhone.Build.0 = Debug|Any CPU
		{1294038B-66C2-4359-AFE9-EA06A758CA94}.Debug|iPhoneSimulator.ActiveCfg = Debug|Any CPU
		{1294038B-66C2-4359-AFE9-EA06A758CA94}.Debug|iPhoneSimulator.Build.0 = Debug|Any CPU
		{1294038B-66C2-4359-AFE9-EA06A758CA94}.Debug|Mixed Platforms.ActiveCfg = Debug|Any CPU
		{1294038B-66C2-4359-AFE9-EA06A758CA94}.Debug|Mixed Platforms.Build.0 = Debug|Any CPU
		{1294038B-66C2-4359-AFE9-EA06A758CA94}.Debug|x86.ActiveCfg = Debug|Any CPU
		{1294038B-66C2-4359-AFE9-EA06A758CA94}.Debug|x86.Build.0 = Debug|Any CPU
		{1294038B-66C2-4359-AFE9-EA06A758CA94}.Release|Any CPU.ActiveCfg = Release|Any CPU
		{1294038B-66C2-4359-AFE9-EA06A758CA94}.Release|Any CPU.Build.0 = Release|Any CPU
		{1294038B-66C2-4359-AFE9-EA06A758CA94}.Release|ARM.ActiveCfg = Release|Any CPU
		{1294038B-66C2-4359-AFE9-EA06A758CA94}.Release|ARM.Build.0 = Release|Any CPU
		{1294038B-66C2-4359-AFE9-EA06A758CA94}.Release|iPhone.ActiveCfg = Release|Any CPU
		{1294038B-66C2-4359-AFE9-EA06A758CA94}.Release|iPhone.Build.0 = Release|Any CPU
		{1294038B-66C2-4359-AFE9-EA06A758CA94}.Release|iPhoneSimulator.ActiveCfg = Release|Any CPU
		{1294038B-66C2-4359-AFE9-EA06A758CA94}.Release|iPhoneSimulator.Build.0 = Release|Any CPU
		{1294038B-66C2-4359-AFE9-EA06A758CA94}.Release|Mixed Platforms.ActiveCfg = Release|Any CPU
		{1294038B-66C2-4359-AFE9-EA06A758CA94}.Release|Mixed Platforms.Build.0 = Release|Any CPU
		{1294038B-66C2-4359-AFE9-EA06A758CA94}.Release|x86.ActiveCfg = Release|Any CPU
		{1294038B-66C2-4359-AFE9-EA06A758CA94}.Release|x86.Build.0 = Release|Any CPU
		{1B738549-0449-4504-B978-7BFC347E3F3C}.Ad-Hoc|Any CPU.ActiveCfg = Release|Any CPU
		{1B738549-0449-4504-B978-7BFC347E3F3C}.Ad-Hoc|Any CPU.Build.0 = Release|Any CPU
		{1B738549-0449-4504-B978-7BFC347E3F3C}.Ad-Hoc|ARM.ActiveCfg = Release|Any CPU
		{1B738549-0449-4504-B978-7BFC347E3F3C}.Ad-Hoc|iPhone.ActiveCfg = Release|Any CPU
		{1B738549-0449-4504-B978-7BFC347E3F3C}.Ad-Hoc|iPhoneSimulator.ActiveCfg = Release|Any CPU
		{1B738549-0449-4504-B978-7BFC347E3F3C}.Ad-Hoc|Mixed Platforms.ActiveCfg = Release|Any CPU
		{1B738549-0449-4504-B978-7BFC347E3F3C}.Ad-Hoc|Mixed Platforms.Build.0 = Release|Any CPU
		{1B738549-0449-4504-B978-7BFC347E3F3C}.Ad-Hoc|x86.ActiveCfg = Release|Any CPU
		{1B738549-0449-4504-B978-7BFC347E3F3C}.AppStore|Any CPU.ActiveCfg = Release|Any CPU
		{1B738549-0449-4504-B978-7BFC347E3F3C}.AppStore|Any CPU.Build.0 = Release|Any CPU
		{1B738549-0449-4504-B978-7BFC347E3F3C}.AppStore|ARM.ActiveCfg = Release|Any CPU
		{1B738549-0449-4504-B978-7BFC347E3F3C}.AppStore|iPhone.ActiveCfg = Release|Any CPU
		{1B738549-0449-4504-B978-7BFC347E3F3C}.AppStore|iPhoneSimulator.ActiveCfg = Release|Any CPU
		{1B738549-0449-4504-B978-7BFC347E3F3C}.AppStore|Mixed Platforms.ActiveCfg = Release|Any CPU
		{1B738549-0449-4504-B978-7BFC347E3F3C}.AppStore|Mixed Platforms.Build.0 = Release|Any CPU
		{1B738549-0449-4504-B978-7BFC347E3F3C}.AppStore|x86.ActiveCfg = Release|Any CPU
		{1B738549-0449-4504-B978-7BFC347E3F3C}.Debug|Any CPU.ActiveCfg = Debug|Any CPU
		{1B738549-0449-4504-B978-7BFC347E3F3C}.Debug|Any CPU.Build.0 = Debug|Any CPU
		{1B738549-0449-4504-B978-7BFC347E3F3C}.Debug|ARM.ActiveCfg = Debug|Any CPU
		{1B738549-0449-4504-B978-7BFC347E3F3C}.Debug|iPhone.ActiveCfg = Debug|Any CPU
		{1B738549-0449-4504-B978-7BFC347E3F3C}.Debug|iPhoneSimulator.ActiveCfg = Debug|Any CPU
		{1B738549-0449-4504-B978-7BFC347E3F3C}.Debug|Mixed Platforms.ActiveCfg = Debug|Any CPU
		{1B738549-0449-4504-B978-7BFC347E3F3C}.Debug|Mixed Platforms.Build.0 = Debug|Any CPU
		{1B738549-0449-4504-B978-7BFC347E3F3C}.Debug|x86.ActiveCfg = Debug|Any CPU
		{1B738549-0449-4504-B978-7BFC347E3F3C}.Release|Any CPU.ActiveCfg = Release|Any CPU
		{1B738549-0449-4504-B978-7BFC347E3F3C}.Release|Any CPU.Build.0 = Release|Any CPU
		{1B738549-0449-4504-B978-7BFC347E3F3C}.Release|ARM.ActiveCfg = Release|Any CPU
		{1B738549-0449-4504-B978-7BFC347E3F3C}.Release|iPhone.ActiveCfg = Release|Any CPU
		{1B738549-0449-4504-B978-7BFC347E3F3C}.Release|iPhoneSimulator.ActiveCfg = Release|Any CPU
		{1B738549-0449-4504-B978-7BFC347E3F3C}.Release|Mixed Platforms.ActiveCfg = Release|Any CPU
		{1B738549-0449-4504-B978-7BFC347E3F3C}.Release|Mixed Platforms.Build.0 = Release|Any CPU
		{1B738549-0449-4504-B978-7BFC347E3F3C}.Release|x86.ActiveCfg = Release|Any CPU
		{35253CE1-C864-4CD3-8249-4D1319748E8F}.Ad-Hoc|Any CPU.ActiveCfg = Release|Any CPU
		{35253CE1-C864-4CD3-8249-4D1319748E8F}.Ad-Hoc|Any CPU.Build.0 = Release|Any CPU
		{35253CE1-C864-4CD3-8249-4D1319748E8F}.Ad-Hoc|ARM.ActiveCfg = Release|Any CPU
		{35253CE1-C864-4CD3-8249-4D1319748E8F}.Ad-Hoc|iPhone.ActiveCfg = Release|Any CPU
		{35253CE1-C864-4CD3-8249-4D1319748E8F}.Ad-Hoc|iPhoneSimulator.ActiveCfg = Release|Any CPU
		{35253CE1-C864-4CD3-8249-4D1319748E8F}.Ad-Hoc|Mixed Platforms.ActiveCfg = Release|Any CPU
		{35253CE1-C864-4CD3-8249-4D1319748E8F}.Ad-Hoc|Mixed Platforms.Build.0 = Release|Any CPU
		{35253CE1-C864-4CD3-8249-4D1319748E8F}.Ad-Hoc|x86.ActiveCfg = Release|Any CPU
		{35253CE1-C864-4CD3-8249-4D1319748E8F}.AppStore|Any CPU.ActiveCfg = Release|Any CPU
		{35253CE1-C864-4CD3-8249-4D1319748E8F}.AppStore|Any CPU.Build.0 = Release|Any CPU
		{35253CE1-C864-4CD3-8249-4D1319748E8F}.AppStore|ARM.ActiveCfg = Release|Any CPU
		{35253CE1-C864-4CD3-8249-4D1319748E8F}.AppStore|iPhone.ActiveCfg = Release|Any CPU
		{35253CE1-C864-4CD3-8249-4D1319748E8F}.AppStore|iPhoneSimulator.ActiveCfg = Release|Any CPU
		{35253CE1-C864-4CD3-8249-4D1319748E8F}.AppStore|Mixed Platforms.ActiveCfg = Release|Any CPU
		{35253CE1-C864-4CD3-8249-4D1319748E8F}.AppStore|Mixed Platforms.Build.0 = Release|Any CPU
		{35253CE1-C864-4CD3-8249-4D1319748E8F}.AppStore|x86.ActiveCfg = Release|Any CPU
		{35253CE1-C864-4CD3-8249-4D1319748E8F}.Debug|Any CPU.ActiveCfg = Debug|Any CPU
		{35253CE1-C864-4CD3-8249-4D1319748E8F}.Debug|Any CPU.Build.0 = Debug|Any CPU
		{35253CE1-C864-4CD3-8249-4D1319748E8F}.Debug|ARM.ActiveCfg = Debug|Any CPU
		{35253CE1-C864-4CD3-8249-4D1319748E8F}.Debug|iPhone.ActiveCfg = Debug|Any CPU
		{35253CE1-C864-4CD3-8249-4D1319748E8F}.Debug|iPhoneSimulator.ActiveCfg = Debug|Any CPU
		{35253CE1-C864-4CD3-8249-4D1319748E8F}.Debug|Mixed Platforms.ActiveCfg = Debug|Any CPU
		{35253CE1-C864-4CD3-8249-4D1319748E8F}.Debug|Mixed Platforms.Build.0 = Debug|Any CPU
		{35253CE1-C864-4CD3-8249-4D1319748E8F}.Debug|x86.ActiveCfg = Debug|Any CPU
		{35253CE1-C864-4CD3-8249-4D1319748E8F}.Release|Any CPU.ActiveCfg = Release|Any CPU
		{35253CE1-C864-4CD3-8249-4D1319748E8F}.Release|Any CPU.Build.0 = Release|Any CPU
		{35253CE1-C864-4CD3-8249-4D1319748E8F}.Release|ARM.ActiveCfg = Release|Any CPU
		{35253CE1-C864-4CD3-8249-4D1319748E8F}.Release|iPhone.ActiveCfg = Release|Any CPU
		{35253CE1-C864-4CD3-8249-4D1319748E8F}.Release|iPhoneSimulator.ActiveCfg = Release|Any CPU
		{35253CE1-C864-4CD3-8249-4D1319748E8F}.Release|Mixed Platforms.ActiveCfg = Release|Any CPU
		{35253CE1-C864-4CD3-8249-4D1319748E8F}.Release|Mixed Platforms.Build.0 = Release|Any CPU
		{35253CE1-C864-4CD3-8249-4D1319748E8F}.Release|x86.ActiveCfg = Release|Any CPU
		{36C538E6-C32A-4A8D-A39C-566173D7118E}.Ad-Hoc|Any CPU.ActiveCfg = Release|Any CPU
		{36C538E6-C32A-4A8D-A39C-566173D7118E}.Ad-Hoc|Any CPU.Build.0 = Release|Any CPU
		{36C538E6-C32A-4A8D-A39C-566173D7118E}.Ad-Hoc|ARM.ActiveCfg = Release|Any CPU
		{36C538E6-C32A-4A8D-A39C-566173D7118E}.Ad-Hoc|ARM.Build.0 = Release|Any CPU
		{36C538E6-C32A-4A8D-A39C-566173D7118E}.Ad-Hoc|iPhone.ActiveCfg = Release|Any CPU
		{36C538E6-C32A-4A8D-A39C-566173D7118E}.Ad-Hoc|iPhone.Build.0 = Release|Any CPU
		{36C538E6-C32A-4A8D-A39C-566173D7118E}.Ad-Hoc|iPhoneSimulator.ActiveCfg = Release|Any CPU
		{36C538E6-C32A-4A8D-A39C-566173D7118E}.Ad-Hoc|iPhoneSimulator.Build.0 = Release|Any CPU
		{36C538E6-C32A-4A8D-A39C-566173D7118E}.Ad-Hoc|Mixed Platforms.ActiveCfg = Release|Any CPU
		{36C538E6-C32A-4A8D-A39C-566173D7118E}.Ad-Hoc|Mixed Platforms.Build.0 = Release|Any CPU
		{36C538E6-C32A-4A8D-A39C-566173D7118E}.Ad-Hoc|x86.ActiveCfg = Release|Any CPU
		{36C538E6-C32A-4A8D-A39C-566173D7118E}.Ad-Hoc|x86.Build.0 = Release|Any CPU
		{36C538E6-C32A-4A8D-A39C-566173D7118E}.AppStore|Any CPU.ActiveCfg = Release|Any CPU
		{36C538E6-C32A-4A8D-A39C-566173D7118E}.AppStore|Any CPU.Build.0 = Release|Any CPU
		{36C538E6-C32A-4A8D-A39C-566173D7118E}.AppStore|ARM.ActiveCfg = Release|Any CPU
		{36C538E6-C32A-4A8D-A39C-566173D7118E}.AppStore|ARM.Build.0 = Release|Any CPU
		{36C538E6-C32A-4A8D-A39C-566173D7118E}.AppStore|iPhone.ActiveCfg = Release|Any CPU
		{36C538E6-C32A-4A8D-A39C-566173D7118E}.AppStore|iPhone.Build.0 = Release|Any CPU
		{36C538E6-C32A-4A8D-A39C-566173D7118E}.AppStore|iPhoneSimulator.ActiveCfg = Release|Any CPU
		{36C538E6-C32A-4A8D-A39C-566173D7118E}.AppStore|iPhoneSimulator.Build.0 = Release|Any CPU
		{36C538E6-C32A-4A8D-A39C-566173D7118E}.AppStore|Mixed Platforms.ActiveCfg = Release|Any CPU
		{36C538E6-C32A-4A8D-A39C-566173D7118E}.AppStore|Mixed Platforms.Build.0 = Release|Any CPU
		{36C538E6-C32A-4A8D-A39C-566173D7118E}.AppStore|x86.ActiveCfg = Release|Any CPU
		{36C538E6-C32A-4A8D-A39C-566173D7118E}.AppStore|x86.Build.0 = Release|Any CPU
		{36C538E6-C32A-4A8D-A39C-566173D7118E}.Debug|Any CPU.ActiveCfg = Debug|Any CPU
		{36C538E6-C32A-4A8D-A39C-566173D7118E}.Debug|Any CPU.Build.0 = Debug|Any CPU
		{36C538E6-C32A-4A8D-A39C-566173D7118E}.Debug|ARM.ActiveCfg = Debug|Any CPU
		{36C538E6-C32A-4A8D-A39C-566173D7118E}.Debug|ARM.Build.0 = Debug|Any CPU
		{36C538E6-C32A-4A8D-A39C-566173D7118E}.Debug|iPhone.ActiveCfg = Debug|Any CPU
		{36C538E6-C32A-4A8D-A39C-566173D7118E}.Debug|iPhone.Build.0 = Debug|Any CPU
		{36C538E6-C32A-4A8D-A39C-566173D7118E}.Debug|iPhoneSimulator.ActiveCfg = Debug|Any CPU
		{36C538E6-C32A-4A8D-A39C-566173D7118E}.Debug|iPhoneSimulator.Build.0 = Debug|Any CPU
		{36C538E6-C32A-4A8D-A39C-566173D7118E}.Debug|Mixed Platforms.ActiveCfg = Debug|Any CPU
		{36C538E6-C32A-4A8D-A39C-566173D7118E}.Debug|Mixed Platforms.Build.0 = Debug|Any CPU
		{36C538E6-C32A-4A8D-A39C-566173D7118E}.Debug|x86.ActiveCfg = Debug|Any CPU
		{36C538E6-C32A-4A8D-A39C-566173D7118E}.Debug|x86.Build.0 = Debug|Any CPU
		{36C538E6-C32A-4A8D-A39C-566173D7118E}.Release|Any CPU.ActiveCfg = Release|Any CPU
		{36C538E6-C32A-4A8D-A39C-566173D7118E}.Release|Any CPU.Build.0 = Release|Any CPU
		{36C538E6-C32A-4A8D-A39C-566173D7118E}.Release|ARM.ActiveCfg = Release|Any CPU
		{36C538E6-C32A-4A8D-A39C-566173D7118E}.Release|ARM.Build.0 = Release|Any CPU
		{36C538E6-C32A-4A8D-A39C-566173D7118E}.Release|iPhone.ActiveCfg = Release|Any CPU
		{36C538E6-C32A-4A8D-A39C-566173D7118E}.Release|iPhone.Build.0 = Release|Any CPU
		{36C538E6-C32A-4A8D-A39C-566173D7118E}.Release|iPhoneSimulator.ActiveCfg = Release|Any CPU
		{36C538E6-C32A-4A8D-A39C-566173D7118E}.Release|iPhoneSimulator.Build.0 = Release|Any CPU
		{36C538E6-C32A-4A8D-A39C-566173D7118E}.Release|Mixed Platforms.ActiveCfg = Release|Any CPU
		{36C538E6-C32A-4A8D-A39C-566173D7118E}.Release|Mixed Platforms.Build.0 = Release|Any CPU
		{36C538E6-C32A-4A8D-A39C-566173D7118E}.Release|x86.ActiveCfg = Release|Any CPU
		{36C538E6-C32A-4A8D-A39C-566173D7118E}.Release|x86.Build.0 = Release|Any CPU
		{565129E0-4EE5-4F6F-B403-C3484C9740BE}.Ad-Hoc|Any CPU.ActiveCfg = Release|Any CPU
		{565129E0-4EE5-4F6F-B403-C3484C9740BE}.Ad-Hoc|Any CPU.Build.0 = Release|Any CPU
		{565129E0-4EE5-4F6F-B403-C3484C9740BE}.Ad-Hoc|ARM.ActiveCfg = Release|Any CPU
		{565129E0-4EE5-4F6F-B403-C3484C9740BE}.Ad-Hoc|iPhone.ActiveCfg = Release|Any CPU
		{565129E0-4EE5-4F6F-B403-C3484C9740BE}.Ad-Hoc|iPhoneSimulator.ActiveCfg = Release|Any CPU
		{565129E0-4EE5-4F6F-B403-C3484C9740BE}.Ad-Hoc|Mixed Platforms.ActiveCfg = Release|Any CPU
		{565129E0-4EE5-4F6F-B403-C3484C9740BE}.Ad-Hoc|Mixed Platforms.Build.0 = Release|Any CPU
		{565129E0-4EE5-4F6F-B403-C3484C9740BE}.Ad-Hoc|x86.ActiveCfg = Release|Any CPU
		{565129E0-4EE5-4F6F-B403-C3484C9740BE}.AppStore|Any CPU.ActiveCfg = Release|Any CPU
		{565129E0-4EE5-4F6F-B403-C3484C9740BE}.AppStore|Any CPU.Build.0 = Release|Any CPU
		{565129E0-4EE5-4F6F-B403-C3484C9740BE}.AppStore|ARM.ActiveCfg = Release|Any CPU
		{565129E0-4EE5-4F6F-B403-C3484C9740BE}.AppStore|iPhone.ActiveCfg = Release|Any CPU
		{565129E0-4EE5-4F6F-B403-C3484C9740BE}.AppStore|iPhoneSimulator.ActiveCfg = Release|Any CPU
		{565129E0-4EE5-4F6F-B403-C3484C9740BE}.AppStore|Mixed Platforms.ActiveCfg = Release|Any CPU
		{565129E0-4EE5-4F6F-B403-C3484C9740BE}.AppStore|Mixed Platforms.Build.0 = Release|Any CPU
		{565129E0-4EE5-4F6F-B403-C3484C9740BE}.AppStore|x86.ActiveCfg = Release|Any CPU
		{565129E0-4EE5-4F6F-B403-C3484C9740BE}.Debug|Any CPU.ActiveCfg = Debug|Any CPU
		{565129E0-4EE5-4F6F-B403-C3484C9740BE}.Debug|Any CPU.Build.0 = Debug|Any CPU
		{565129E0-4EE5-4F6F-B403-C3484C9740BE}.Debug|ARM.ActiveCfg = Debug|Any CPU
		{565129E0-4EE5-4F6F-B403-C3484C9740BE}.Debug|iPhone.ActiveCfg = Debug|Any CPU
		{565129E0-4EE5-4F6F-B403-C3484C9740BE}.Debug|iPhoneSimulator.ActiveCfg = Debug|Any CPU
		{565129E0-4EE5-4F6F-B403-C3484C9740BE}.Debug|Mixed Platforms.ActiveCfg = Debug|Any CPU
		{565129E0-4EE5-4F6F-B403-C3484C9740BE}.Debug|Mixed Platforms.Build.0 = Debug|Any CPU
		{565129E0-4EE5-4F6F-B403-C3484C9740BE}.Debug|x86.ActiveCfg = Debug|Any CPU
		{565129E0-4EE5-4F6F-B403-C3484C9740BE}.Release|Any CPU.ActiveCfg = Release|Any CPU
		{565129E0-4EE5-4F6F-B403-C3484C9740BE}.Release|Any CPU.Build.0 = Release|Any CPU
		{565129E0-4EE5-4F6F-B403-C3484C9740BE}.Release|ARM.ActiveCfg = Release|Any CPU
		{565129E0-4EE5-4F6F-B403-C3484C9740BE}.Release|iPhone.ActiveCfg = Release|Any CPU
		{565129E0-4EE5-4F6F-B403-C3484C9740BE}.Release|iPhoneSimulator.ActiveCfg = Release|Any CPU
		{565129E0-4EE5-4F6F-B403-C3484C9740BE}.Release|Mixed Platforms.ActiveCfg = Release|Any CPU
		{565129E0-4EE5-4F6F-B403-C3484C9740BE}.Release|Mixed Platforms.Build.0 = Release|Any CPU
		{565129E0-4EE5-4F6F-B403-C3484C9740BE}.Release|x86.ActiveCfg = Release|Any CPU
		{5C3DC4FF-FE5A-4B94-B4A6-6F79E63F3130}.Ad-Hoc|Any CPU.ActiveCfg = Release|Any CPU
		{5C3DC4FF-FE5A-4B94-B4A6-6F79E63F3130}.Ad-Hoc|Any CPU.Build.0 = Release|Any CPU
		{5C3DC4FF-FE5A-4B94-B4A6-6F79E63F3130}.Ad-Hoc|ARM.ActiveCfg = Release|Any CPU
		{5C3DC4FF-FE5A-4B94-B4A6-6F79E63F3130}.Ad-Hoc|iPhone.ActiveCfg = Release|Any CPU
		{5C3DC4FF-FE5A-4B94-B4A6-6F79E63F3130}.Ad-Hoc|iPhoneSimulator.ActiveCfg = Release|Any CPU
		{5C3DC4FF-FE5A-4B94-B4A6-6F79E63F3130}.Ad-Hoc|Mixed Platforms.ActiveCfg = Release|Any CPU
		{5C3DC4FF-FE5A-4B94-B4A6-6F79E63F3130}.Ad-Hoc|Mixed Platforms.Build.0 = Release|Any CPU
		{5C3DC4FF-FE5A-4B94-B4A6-6F79E63F3130}.Ad-Hoc|x86.ActiveCfg = Release|Any CPU
		{5C3DC4FF-FE5A-4B94-B4A6-6F79E63F3130}.AppStore|Any CPU.ActiveCfg = Release|Any CPU
		{5C3DC4FF-FE5A-4B94-B4A6-6F79E63F3130}.AppStore|Any CPU.Build.0 = Release|Any CPU
		{5C3DC4FF-FE5A-4B94-B4A6-6F79E63F3130}.AppStore|ARM.ActiveCfg = Release|Any CPU
		{5C3DC4FF-FE5A-4B94-B4A6-6F79E63F3130}.AppStore|iPhone.ActiveCfg = Release|Any CPU
		{5C3DC4FF-FE5A-4B94-B4A6-6F79E63F3130}.AppStore|iPhoneSimulator.ActiveCfg = Release|Any CPU
		{5C3DC4FF-FE5A-4B94-B4A6-6F79E63F3130}.AppStore|Mixed Platforms.ActiveCfg = Release|Any CPU
		{5C3DC4FF-FE5A-4B94-B4A6-6F79E63F3130}.AppStore|Mixed Platforms.Build.0 = Release|Any CPU
		{5C3DC4FF-FE5A-4B94-B4A6-6F79E63F3130}.AppStore|x86.ActiveCfg = Release|Any CPU
		{5C3DC4FF-FE5A-4B94-B4A6-6F79E63F3130}.Debug|Any CPU.ActiveCfg = Debug|Any CPU
		{5C3DC4FF-FE5A-4B94-B4A6-6F79E63F3130}.Debug|Any CPU.Build.0 = Debug|Any CPU
		{5C3DC4FF-FE5A-4B94-B4A6-6F79E63F3130}.Debug|ARM.ActiveCfg = Debug|Any CPU
		{5C3DC4FF-FE5A-4B94-B4A6-6F79E63F3130}.Debug|iPhone.ActiveCfg = Debug|Any CPU
		{5C3DC4FF-FE5A-4B94-B4A6-6F79E63F3130}.Debug|iPhoneSimulator.ActiveCfg = Debug|Any CPU
		{5C3DC4FF-FE5A-4B94-B4A6-6F79E63F3130}.Debug|Mixed Platforms.ActiveCfg = Debug|Any CPU
		{5C3DC4FF-FE5A-4B94-B4A6-6F79E63F3130}.Debug|Mixed Platforms.Build.0 = Debug|Any CPU
		{5C3DC4FF-FE5A-4B94-B4A6-6F79E63F3130}.Debug|x86.ActiveCfg = Debug|Any CPU
		{5C3DC4FF-FE5A-4B94-B4A6-6F79E63F3130}.Release|Any CPU.ActiveCfg = Release|Any CPU
		{5C3DC4FF-FE5A-4B94-B4A6-6F79E63F3130}.Release|Any CPU.Build.0 = Release|Any CPU
		{5C3DC4FF-FE5A-4B94-B4A6-6F79E63F3130}.Release|ARM.ActiveCfg = Release|Any CPU
		{5C3DC4FF-FE5A-4B94-B4A6-6F79E63F3130}.Release|iPhone.ActiveCfg = Release|Any CPU
		{5C3DC4FF-FE5A-4B94-B4A6-6F79E63F3130}.Release|iPhoneSimulator.ActiveCfg = Release|Any CPU
		{5C3DC4FF-FE5A-4B94-B4A6-6F79E63F3130}.Release|Mixed Platforms.ActiveCfg = Release|Any CPU
		{5C3DC4FF-FE5A-4B94-B4A6-6F79E63F3130}.Release|Mixed Platforms.Build.0 = Release|Any CPU
		{5C3DC4FF-FE5A-4B94-B4A6-6F79E63F3130}.Release|x86.ActiveCfg = Release|Any CPU
		{6D6009F4-0AFB-4806-89D7-7945F20270F5}.Ad-Hoc|Any CPU.ActiveCfg = Release|Any CPU
		{6D6009F4-0AFB-4806-89D7-7945F20270F5}.Ad-Hoc|Any CPU.Build.0 = Release|Any CPU
		{6D6009F4-0AFB-4806-89D7-7945F20270F5}.Ad-Hoc|ARM.ActiveCfg = Release|Any CPU
		{6D6009F4-0AFB-4806-89D7-7945F20270F5}.Ad-Hoc|iPhone.ActiveCfg = Release|Any CPU
		{6D6009F4-0AFB-4806-89D7-7945F20270F5}.Ad-Hoc|iPhoneSimulator.ActiveCfg = Release|Any CPU
		{6D6009F4-0AFB-4806-89D7-7945F20270F5}.Ad-Hoc|Mixed Platforms.ActiveCfg = Release|Any CPU
		{6D6009F4-0AFB-4806-89D7-7945F20270F5}.Ad-Hoc|Mixed Platforms.Build.0 = Release|Any CPU
		{6D6009F4-0AFB-4806-89D7-7945F20270F5}.Ad-Hoc|x86.ActiveCfg = Release|Any CPU
		{6D6009F4-0AFB-4806-89D7-7945F20270F5}.AppStore|Any CPU.ActiveCfg = Release|Any CPU
		{6D6009F4-0AFB-4806-89D7-7945F20270F5}.AppStore|Any CPU.Build.0 = Release|Any CPU
		{6D6009F4-0AFB-4806-89D7-7945F20270F5}.AppStore|ARM.ActiveCfg = Release|Any CPU
		{6D6009F4-0AFB-4806-89D7-7945F20270F5}.AppStore|iPhone.ActiveCfg = Release|Any CPU
		{6D6009F4-0AFB-4806-89D7-7945F20270F5}.AppStore|iPhoneSimulator.ActiveCfg = Release|Any CPU
		{6D6009F4-0AFB-4806-89D7-7945F20270F5}.AppStore|Mixed Platforms.ActiveCfg = Release|Any CPU
		{6D6009F4-0AFB-4806-89D7-7945F20270F5}.AppStore|Mixed Platforms.Build.0 = Release|Any CPU
		{6D6009F4-0AFB-4806-89D7-7945F20270F5}.AppStore|x86.ActiveCfg = Release|Any CPU
		{6D6009F4-0AFB-4806-89D7-7945F20270F5}.Debug|Any CPU.ActiveCfg = Debug|Any CPU
		{6D6009F4-0AFB-4806-89D7-7945F20270F5}.Debug|Any CPU.Build.0 = Debug|Any CPU
		{6D6009F4-0AFB-4806-89D7-7945F20270F5}.Debug|ARM.ActiveCfg = Debug|Any CPU
		{6D6009F4-0AFB-4806-89D7-7945F20270F5}.Debug|iPhone.ActiveCfg = Debug|Any CPU
		{6D6009F4-0AFB-4806-89D7-7945F20270F5}.Debug|iPhoneSimulator.ActiveCfg = Debug|Any CPU
		{6D6009F4-0AFB-4806-89D7-7945F20270F5}.Debug|Mixed Platforms.ActiveCfg = Debug|Any CPU
		{6D6009F4-0AFB-4806-89D7-7945F20270F5}.Debug|Mixed Platforms.Build.0 = Debug|Any CPU
		{6D6009F4-0AFB-4806-89D7-7945F20270F5}.Debug|x86.ActiveCfg = Debug|Any CPU
		{6D6009F4-0AFB-4806-89D7-7945F20270F5}.Release|Any CPU.ActiveCfg = Release|Any CPU
		{6D6009F4-0AFB-4806-89D7-7945F20270F5}.Release|Any CPU.Build.0 = Release|Any CPU
		{6D6009F4-0AFB-4806-89D7-7945F20270F5}.Release|ARM.ActiveCfg = Release|Any CPU
		{6D6009F4-0AFB-4806-89D7-7945F20270F5}.Release|iPhone.ActiveCfg = Release|Any CPU
		{6D6009F4-0AFB-4806-89D7-7945F20270F5}.Release|iPhoneSimulator.ActiveCfg = Release|Any CPU
		{6D6009F4-0AFB-4806-89D7-7945F20270F5}.Release|Mixed Platforms.ActiveCfg = Release|Any CPU
		{6D6009F4-0AFB-4806-89D7-7945F20270F5}.Release|Mixed Platforms.Build.0 = Release|Any CPU
		{6D6009F4-0AFB-4806-89D7-7945F20270F5}.Release|x86.ActiveCfg = Release|Any CPU
		{6D75E618-19CA-4C51-9546-F10965FBC0B8}.Ad-Hoc|Any CPU.ActiveCfg = Release|Any CPU
		{6D75E618-19CA-4C51-9546-F10965FBC0B8}.Ad-Hoc|Any CPU.Build.0 = Release|Any CPU
		{6D75E618-19CA-4C51-9546-F10965FBC0B8}.Ad-Hoc|ARM.ActiveCfg = Release|Any CPU
		{6D75E618-19CA-4C51-9546-F10965FBC0B8}.Ad-Hoc|iPhone.ActiveCfg = Release|Any CPU
		{6D75E618-19CA-4C51-9546-F10965FBC0B8}.Ad-Hoc|iPhoneSimulator.ActiveCfg = Release|Any CPU
		{6D75E618-19CA-4C51-9546-F10965FBC0B8}.Ad-Hoc|Mixed Platforms.ActiveCfg = Release|Any CPU
		{6D75E618-19CA-4C51-9546-F10965FBC0B8}.Ad-Hoc|Mixed Platforms.Build.0 = Release|Any CPU
		{6D75E618-19CA-4C51-9546-F10965FBC0B8}.Ad-Hoc|x86.ActiveCfg = Release|Any CPU
		{6D75E618-19CA-4C51-9546-F10965FBC0B8}.AppStore|Any CPU.ActiveCfg = Release|Any CPU
		{6D75E618-19CA-4C51-9546-F10965FBC0B8}.AppStore|Any CPU.Build.0 = Release|Any CPU
		{6D75E618-19CA-4C51-9546-F10965FBC0B8}.AppStore|ARM.ActiveCfg = Release|Any CPU
		{6D75E618-19CA-4C51-9546-F10965FBC0B8}.AppStore|iPhone.ActiveCfg = Release|Any CPU
		{6D75E618-19CA-4C51-9546-F10965FBC0B8}.AppStore|iPhoneSimulator.ActiveCfg = Release|Any CPU
		{6D75E618-19CA-4C51-9546-F10965FBC0B8}.AppStore|Mixed Platforms.ActiveCfg = Release|Any CPU
		{6D75E618-19CA-4C51-9546-F10965FBC0B8}.AppStore|Mixed Platforms.Build.0 = Release|Any CPU
		{6D75E618-19CA-4C51-9546-F10965FBC0B8}.AppStore|x86.ActiveCfg = Release|Any CPU
		{6D75E618-19CA-4C51-9546-F10965FBC0B8}.Debug|Any CPU.ActiveCfg = Debug|Any CPU
		{6D75E618-19CA-4C51-9546-F10965FBC0B8}.Debug|Any CPU.Build.0 = Debug|Any CPU
		{6D75E618-19CA-4C51-9546-F10965FBC0B8}.Debug|ARM.ActiveCfg = Debug|Any CPU
		{6D75E618-19CA-4C51-9546-F10965FBC0B8}.Debug|iPhone.ActiveCfg = Debug|Any CPU
		{6D75E618-19CA-4C51-9546-F10965FBC0B8}.Debug|iPhoneSimulator.ActiveCfg = Debug|Any CPU
		{6D75E618-19CA-4C51-9546-F10965FBC0B8}.Debug|Mixed Platforms.ActiveCfg = Debug|Any CPU
		{6D75E618-19CA-4C51-9546-F10965FBC0B8}.Debug|Mixed Platforms.Build.0 = Debug|Any CPU
		{6D75E618-19CA-4C51-9546-F10965FBC0B8}.Debug|x86.ActiveCfg = Debug|Any CPU
		{6D75E618-19CA-4C51-9546-F10965FBC0B8}.Release|Any CPU.ActiveCfg = Release|Any CPU
		{6D75E618-19CA-4C51-9546-F10965FBC0B8}.Release|Any CPU.Build.0 = Release|Any CPU
		{6D75E618-19CA-4C51-9546-F10965FBC0B8}.Release|ARM.ActiveCfg = Release|Any CPU
		{6D75E618-19CA-4C51-9546-F10965FBC0B8}.Release|iPhone.ActiveCfg = Release|Any CPU
		{6D75E618-19CA-4C51-9546-F10965FBC0B8}.Release|iPhoneSimulator.ActiveCfg = Release|Any CPU
		{6D75E618-19CA-4C51-9546-F10965FBC0B8}.Release|Mixed Platforms.ActiveCfg = Release|Any CPU
		{6D75E618-19CA-4C51-9546-F10965FBC0B8}.Release|Mixed Platforms.Build.0 = Release|Any CPU
		{6D75E618-19CA-4C51-9546-F10965FBC0B8}.Release|x86.ActiveCfg = Release|Any CPU
		{713EE5CA-C850-42AD-AC67-B6546AC8BFFB}.Ad-Hoc|Any CPU.ActiveCfg = Release|Any CPU
		{713EE5CA-C850-42AD-AC67-B6546AC8BFFB}.Ad-Hoc|Any CPU.Build.0 = Release|Any CPU
		{713EE5CA-C850-42AD-AC67-B6546AC8BFFB}.Ad-Hoc|Any CPU.Deploy.0 = Release|Any CPU
		{713EE5CA-C850-42AD-AC67-B6546AC8BFFB}.Ad-Hoc|ARM.ActiveCfg = Release|Any CPU
		{713EE5CA-C850-42AD-AC67-B6546AC8BFFB}.Ad-Hoc|iPhone.ActiveCfg = Release|Any CPU
		{713EE5CA-C850-42AD-AC67-B6546AC8BFFB}.Ad-Hoc|iPhoneSimulator.ActiveCfg = Release|Any CPU
		{713EE5CA-C850-42AD-AC67-B6546AC8BFFB}.Ad-Hoc|Mixed Platforms.ActiveCfg = Release|Any CPU
		{713EE5CA-C850-42AD-AC67-B6546AC8BFFB}.Ad-Hoc|Mixed Platforms.Build.0 = Release|Any CPU
		{713EE5CA-C850-42AD-AC67-B6546AC8BFFB}.Ad-Hoc|Mixed Platforms.Deploy.0 = Release|Any CPU
		{713EE5CA-C850-42AD-AC67-B6546AC8BFFB}.Ad-Hoc|x86.ActiveCfg = Release|Any CPU
		{713EE5CA-C850-42AD-AC67-B6546AC8BFFB}.AppStore|Any CPU.ActiveCfg = Release|Any CPU
		{713EE5CA-C850-42AD-AC67-B6546AC8BFFB}.AppStore|Any CPU.Build.0 = Release|Any CPU
		{713EE5CA-C850-42AD-AC67-B6546AC8BFFB}.AppStore|Any CPU.Deploy.0 = Release|Any CPU
		{713EE5CA-C850-42AD-AC67-B6546AC8BFFB}.AppStore|ARM.ActiveCfg = Release|Any CPU
		{713EE5CA-C850-42AD-AC67-B6546AC8BFFB}.AppStore|iPhone.ActiveCfg = Release|Any CPU
		{713EE5CA-C850-42AD-AC67-B6546AC8BFFB}.AppStore|iPhoneSimulator.ActiveCfg = Release|Any CPU
		{713EE5CA-C850-42AD-AC67-B6546AC8BFFB}.AppStore|Mixed Platforms.ActiveCfg = Release|Any CPU
		{713EE5CA-C850-42AD-AC67-B6546AC8BFFB}.AppStore|Mixed Platforms.Build.0 = Release|Any CPU
		{713EE5CA-C850-42AD-AC67-B6546AC8BFFB}.AppStore|Mixed Platforms.Deploy.0 = Release|Any CPU
		{713EE5CA-C850-42AD-AC67-B6546AC8BFFB}.AppStore|x86.ActiveCfg = Release|Any CPU
		{713EE5CA-C850-42AD-AC67-B6546AC8BFFB}.Debug|Any CPU.ActiveCfg = Debug|Any CPU
		{713EE5CA-C850-42AD-AC67-B6546AC8BFFB}.Debug|Any CPU.Build.0 = Debug|Any CPU
		{713EE5CA-C850-42AD-AC67-B6546AC8BFFB}.Debug|Any CPU.Deploy.0 = Debug|Any CPU
		{713EE5CA-C850-42AD-AC67-B6546AC8BFFB}.Debug|ARM.ActiveCfg = Debug|Any CPU
		{713EE5CA-C850-42AD-AC67-B6546AC8BFFB}.Debug|iPhone.ActiveCfg = Debug|Any CPU
		{713EE5CA-C850-42AD-AC67-B6546AC8BFFB}.Debug|iPhoneSimulator.ActiveCfg = Debug|Any CPU
		{713EE5CA-C850-42AD-AC67-B6546AC8BFFB}.Debug|Mixed Platforms.ActiveCfg = Debug|Any CPU
		{713EE5CA-C850-42AD-AC67-B6546AC8BFFB}.Debug|Mixed Platforms.Build.0 = Debug|Any CPU
		{713EE5CA-C850-42AD-AC67-B6546AC8BFFB}.Debug|Mixed Platforms.Deploy.0 = Debug|Any CPU
		{713EE5CA-C850-42AD-AC67-B6546AC8BFFB}.Debug|x86.ActiveCfg = Debug|Any CPU
		{713EE5CA-C850-42AD-AC67-B6546AC8BFFB}.Release|Any CPU.ActiveCfg = Release|Any CPU
		{713EE5CA-C850-42AD-AC67-B6546AC8BFFB}.Release|Any CPU.Build.0 = Release|Any CPU
		{713EE5CA-C850-42AD-AC67-B6546AC8BFFB}.Release|Any CPU.Deploy.0 = Release|Any CPU
		{713EE5CA-C850-42AD-AC67-B6546AC8BFFB}.Release|ARM.ActiveCfg = Release|Any CPU
		{713EE5CA-C850-42AD-AC67-B6546AC8BFFB}.Release|iPhone.ActiveCfg = Release|Any CPU
		{713EE5CA-C850-42AD-AC67-B6546AC8BFFB}.Release|iPhoneSimulator.ActiveCfg = Release|Any CPU
		{713EE5CA-C850-42AD-AC67-B6546AC8BFFB}.Release|Mixed Platforms.ActiveCfg = Release|Any CPU
		{713EE5CA-C850-42AD-AC67-B6546AC8BFFB}.Release|Mixed Platforms.Build.0 = Release|Any CPU
		{713EE5CA-C850-42AD-AC67-B6546AC8BFFB}.Release|Mixed Platforms.Deploy.0 = Release|Any CPU
		{713EE5CA-C850-42AD-AC67-B6546AC8BFFB}.Release|x86.ActiveCfg = Release|Any CPU
		{734EAA48-F1CA-481A-B391-0285BC0E8B40}.Ad-Hoc|Any CPU.ActiveCfg = Release|Any CPU
		{734EAA48-F1CA-481A-B391-0285BC0E8B40}.Ad-Hoc|Any CPU.Build.0 = Release|Any CPU
		{734EAA48-F1CA-481A-B391-0285BC0E8B40}.Ad-Hoc|ARM.ActiveCfg = Release|Any CPU
		{734EAA48-F1CA-481A-B391-0285BC0E8B40}.Ad-Hoc|iPhone.ActiveCfg = Release|Any CPU
		{734EAA48-F1CA-481A-B391-0285BC0E8B40}.Ad-Hoc|iPhoneSimulator.ActiveCfg = Release|Any CPU
		{734EAA48-F1CA-481A-B391-0285BC0E8B40}.Ad-Hoc|Mixed Platforms.ActiveCfg = Release|Any CPU
		{734EAA48-F1CA-481A-B391-0285BC0E8B40}.Ad-Hoc|Mixed Platforms.Build.0 = Release|Any CPU
		{734EAA48-F1CA-481A-B391-0285BC0E8B40}.Ad-Hoc|x86.ActiveCfg = Release|Any CPU
		{734EAA48-F1CA-481A-B391-0285BC0E8B40}.AppStore|Any CPU.ActiveCfg = Release|Any CPU
		{734EAA48-F1CA-481A-B391-0285BC0E8B40}.AppStore|Any CPU.Build.0 = Release|Any CPU
		{734EAA48-F1CA-481A-B391-0285BC0E8B40}.AppStore|ARM.ActiveCfg = Release|Any CPU
		{734EAA48-F1CA-481A-B391-0285BC0E8B40}.AppStore|iPhone.ActiveCfg = Release|Any CPU
		{734EAA48-F1CA-481A-B391-0285BC0E8B40}.AppStore|iPhoneSimulator.ActiveCfg = Release|Any CPU
		{734EAA48-F1CA-481A-B391-0285BC0E8B40}.AppStore|Mixed Platforms.ActiveCfg = Release|Any CPU
		{734EAA48-F1CA-481A-B391-0285BC0E8B40}.AppStore|Mixed Platforms.Build.0 = Release|Any CPU
		{734EAA48-F1CA-481A-B391-0285BC0E8B40}.AppStore|x86.ActiveCfg = Release|Any CPU
		{734EAA48-F1CA-481A-B391-0285BC0E8B40}.Debug|Any CPU.ActiveCfg = Debug|Any CPU
		{734EAA48-F1CA-481A-B391-0285BC0E8B40}.Debug|Any CPU.Build.0 = Debug|Any CPU
		{734EAA48-F1CA-481A-B391-0285BC0E8B40}.Debug|ARM.ActiveCfg = Debug|Any CPU
		{734EAA48-F1CA-481A-B391-0285BC0E8B40}.Debug|iPhone.ActiveCfg = Debug|Any CPU
		{734EAA48-F1CA-481A-B391-0285BC0E8B40}.Debug|iPhoneSimulator.ActiveCfg = Debug|Any CPU
		{734EAA48-F1CA-481A-B391-0285BC0E8B40}.Debug|Mixed Platforms.ActiveCfg = Debug|Any CPU
		{734EAA48-F1CA-481A-B391-0285BC0E8B40}.Debug|Mixed Platforms.Build.0 = Debug|Any CPU
		{734EAA48-F1CA-481A-B391-0285BC0E8B40}.Debug|x86.ActiveCfg = Debug|Any CPU
		{734EAA48-F1CA-481A-B391-0285BC0E8B40}.Release|Any CPU.ActiveCfg = Release|Any CPU
		{734EAA48-F1CA-481A-B391-0285BC0E8B40}.Release|Any CPU.Build.0 = Release|Any CPU
		{734EAA48-F1CA-481A-B391-0285BC0E8B40}.Release|ARM.ActiveCfg = Release|Any CPU
		{734EAA48-F1CA-481A-B391-0285BC0E8B40}.Release|iPhone.ActiveCfg = Release|Any CPU
		{734EAA48-F1CA-481A-B391-0285BC0E8B40}.Release|iPhoneSimulator.ActiveCfg = Release|Any CPU
		{734EAA48-F1CA-481A-B391-0285BC0E8B40}.Release|Mixed Platforms.ActiveCfg = Release|Any CPU
		{734EAA48-F1CA-481A-B391-0285BC0E8B40}.Release|Mixed Platforms.Build.0 = Release|Any CPU
		{734EAA48-F1CA-481A-B391-0285BC0E8B40}.Release|x86.ActiveCfg = Release|Any CPU
		{758CB33D-6EBD-41EA-BB0C-55B1C97A325F}.Ad-Hoc|Any CPU.ActiveCfg = Release|Any CPU
		{758CB33D-6EBD-41EA-BB0C-55B1C97A325F}.Ad-Hoc|Any CPU.Build.0 = Release|Any CPU
		{758CB33D-6EBD-41EA-BB0C-55B1C97A325F}.Ad-Hoc|ARM.ActiveCfg = Release|Any CPU
		{758CB33D-6EBD-41EA-BB0C-55B1C97A325F}.Ad-Hoc|iPhone.ActiveCfg = Release|Any CPU
		{758CB33D-6EBD-41EA-BB0C-55B1C97A325F}.Ad-Hoc|iPhoneSimulator.ActiveCfg = Release|Any CPU
		{758CB33D-6EBD-41EA-BB0C-55B1C97A325F}.Ad-Hoc|Mixed Platforms.ActiveCfg = Release|Any CPU
		{758CB33D-6EBD-41EA-BB0C-55B1C97A325F}.Ad-Hoc|Mixed Platforms.Build.0 = Release|Any CPU
		{758CB33D-6EBD-41EA-BB0C-55B1C97A325F}.Ad-Hoc|x86.ActiveCfg = Release|Any CPU
		{758CB33D-6EBD-41EA-BB0C-55B1C97A325F}.AppStore|Any CPU.ActiveCfg = Release|Any CPU
		{758CB33D-6EBD-41EA-BB0C-55B1C97A325F}.AppStore|Any CPU.Build.0 = Release|Any CPU
		{758CB33D-6EBD-41EA-BB0C-55B1C97A325F}.AppStore|ARM.ActiveCfg = Release|Any CPU
		{758CB33D-6EBD-41EA-BB0C-55B1C97A325F}.AppStore|iPhone.ActiveCfg = Release|Any CPU
		{758CB33D-6EBD-41EA-BB0C-55B1C97A325F}.AppStore|iPhoneSimulator.ActiveCfg = Release|Any CPU
		{758CB33D-6EBD-41EA-BB0C-55B1C97A325F}.AppStore|Mixed Platforms.ActiveCfg = Release|Any CPU
		{758CB33D-6EBD-41EA-BB0C-55B1C97A325F}.AppStore|Mixed Platforms.Build.0 = Release|Any CPU
		{758CB33D-6EBD-41EA-BB0C-55B1C97A325F}.AppStore|x86.ActiveCfg = Release|Any CPU
		{758CB33D-6EBD-41EA-BB0C-55B1C97A325F}.Debug|Any CPU.ActiveCfg = Debug|Any CPU
		{758CB33D-6EBD-41EA-BB0C-55B1C97A325F}.Debug|Any CPU.Build.0 = Debug|Any CPU
		{758CB33D-6EBD-41EA-BB0C-55B1C97A325F}.Debug|ARM.ActiveCfg = Debug|Any CPU
		{758CB33D-6EBD-41EA-BB0C-55B1C97A325F}.Debug|iPhone.ActiveCfg = Debug|Any CPU
		{758CB33D-6EBD-41EA-BB0C-55B1C97A325F}.Debug|iPhoneSimulator.ActiveCfg = Debug|Any CPU
		{758CB33D-6EBD-41EA-BB0C-55B1C97A325F}.Debug|Mixed Platforms.ActiveCfg = Debug|Any CPU
		{758CB33D-6EBD-41EA-BB0C-55B1C97A325F}.Debug|Mixed Platforms.Build.0 = Debug|Any CPU
		{758CB33D-6EBD-41EA-BB0C-55B1C97A325F}.Debug|x86.ActiveCfg = Debug|Any CPU
		{758CB33D-6EBD-41EA-BB0C-55B1C97A325F}.Release|Any CPU.ActiveCfg = Release|Any CPU
		{758CB33D-6EBD-41EA-BB0C-55B1C97A325F}.Release|Any CPU.Build.0 = Release|Any CPU
		{758CB33D-6EBD-41EA-BB0C-55B1C97A325F}.Release|ARM.ActiveCfg = Release|Any CPU
		{758CB33D-6EBD-41EA-BB0C-55B1C97A325F}.Release|iPhone.ActiveCfg = Release|Any CPU
		{758CB33D-6EBD-41EA-BB0C-55B1C97A325F}.Release|iPhoneSimulator.ActiveCfg = Release|Any CPU
		{758CB33D-6EBD-41EA-BB0C-55B1C97A325F}.Release|Mixed Platforms.ActiveCfg = Release|Any CPU
		{758CB33D-6EBD-41EA-BB0C-55B1C97A325F}.Release|Mixed Platforms.Build.0 = Release|Any CPU
		{758CB33D-6EBD-41EA-BB0C-55B1C97A325F}.Release|x86.ActiveCfg = Release|Any CPU
		{7DE47032-A904-4C29-BD22-2D235E8D91BA}.Ad-Hoc|Any CPU.ActiveCfg = Release|Any CPU
		{7DE47032-A904-4C29-BD22-2D235E8D91BA}.Ad-Hoc|Any CPU.Build.0 = Release|Any CPU
		{7DE47032-A904-4C29-BD22-2D235E8D91BA}.Ad-Hoc|ARM.ActiveCfg = Release|Any CPU
		{7DE47032-A904-4C29-BD22-2D235E8D91BA}.Ad-Hoc|iPhone.ActiveCfg = Release|Any CPU
		{7DE47032-A904-4C29-BD22-2D235E8D91BA}.Ad-Hoc|iPhoneSimulator.ActiveCfg = Release|Any CPU
		{7DE47032-A904-4C29-BD22-2D235E8D91BA}.Ad-Hoc|Mixed Platforms.ActiveCfg = Release|Any CPU
		{7DE47032-A904-4C29-BD22-2D235E8D91BA}.Ad-Hoc|Mixed Platforms.Build.0 = Release|Any CPU
		{7DE47032-A904-4C29-BD22-2D235E8D91BA}.Ad-Hoc|x86.ActiveCfg = Release|Any CPU
		{7DE47032-A904-4C29-BD22-2D235E8D91BA}.AppStore|Any CPU.ActiveCfg = Release|Any CPU
		{7DE47032-A904-4C29-BD22-2D235E8D91BA}.AppStore|Any CPU.Build.0 = Release|Any CPU
		{7DE47032-A904-4C29-BD22-2D235E8D91BA}.AppStore|ARM.ActiveCfg = Release|Any CPU
		{7DE47032-A904-4C29-BD22-2D235E8D91BA}.AppStore|iPhone.ActiveCfg = Release|Any CPU
		{7DE47032-A904-4C29-BD22-2D235E8D91BA}.AppStore|iPhoneSimulator.ActiveCfg = Release|Any CPU
		{7DE47032-A904-4C29-BD22-2D235E8D91BA}.AppStore|Mixed Platforms.ActiveCfg = Release|Any CPU
		{7DE47032-A904-4C29-BD22-2D235E8D91BA}.AppStore|Mixed Platforms.Build.0 = Release|Any CPU
		{7DE47032-A904-4C29-BD22-2D235E8D91BA}.AppStore|x86.ActiveCfg = Release|Any CPU
		{7DE47032-A904-4C29-BD22-2D235E8D91BA}.Debug|Any CPU.ActiveCfg = Debug|Any CPU
		{7DE47032-A904-4C29-BD22-2D235E8D91BA}.Debug|Any CPU.Build.0 = Debug|Any CPU
		{7DE47032-A904-4C29-BD22-2D235E8D91BA}.Debug|ARM.ActiveCfg = Debug|Any CPU
		{7DE47032-A904-4C29-BD22-2D235E8D91BA}.Debug|iPhone.ActiveCfg = Debug|Any CPU
		{7DE47032-A904-4C29-BD22-2D235E8D91BA}.Debug|iPhoneSimulator.ActiveCfg = Debug|Any CPU
		{7DE47032-A904-4C29-BD22-2D235E8D91BA}.Debug|Mixed Platforms.ActiveCfg = Debug|Any CPU
		{7DE47032-A904-4C29-BD22-2D235E8D91BA}.Debug|Mixed Platforms.Build.0 = Debug|Any CPU
		{7DE47032-A904-4C29-BD22-2D235E8D91BA}.Debug|x86.ActiveCfg = Debug|Any CPU
		{7DE47032-A904-4C29-BD22-2D235E8D91BA}.Release|Any CPU.ActiveCfg = Release|Any CPU
		{7DE47032-A904-4C29-BD22-2D235E8D91BA}.Release|Any CPU.Build.0 = Release|Any CPU
		{7DE47032-A904-4C29-BD22-2D235E8D91BA}.Release|ARM.ActiveCfg = Release|Any CPU
		{7DE47032-A904-4C29-BD22-2D235E8D91BA}.Release|iPhone.ActiveCfg = Release|Any CPU
		{7DE47032-A904-4C29-BD22-2D235E8D91BA}.Release|iPhoneSimulator.ActiveCfg = Release|Any CPU
		{7DE47032-A904-4C29-BD22-2D235E8D91BA}.Release|Mixed Platforms.ActiveCfg = Release|Any CPU
		{7DE47032-A904-4C29-BD22-2D235E8D91BA}.Release|Mixed Platforms.Build.0 = Release|Any CPU
		{7DE47032-A904-4C29-BD22-2D235E8D91BA}.Release|x86.ActiveCfg = Release|Any CPU
		{87A71215-7CAC-4B80-9D43-1700DECFB828}.Ad-Hoc|Any CPU.ActiveCfg = Release|Any CPU
		{87A71215-7CAC-4B80-9D43-1700DECFB828}.Ad-Hoc|Any CPU.Build.0 = Release|Any CPU
		{87A71215-7CAC-4B80-9D43-1700DECFB828}.Ad-Hoc|ARM.ActiveCfg = Release|Any CPU
		{87A71215-7CAC-4B80-9D43-1700DECFB828}.Ad-Hoc|iPhone.ActiveCfg = Release|Any CPU
		{87A71215-7CAC-4B80-9D43-1700DECFB828}.Ad-Hoc|iPhoneSimulator.ActiveCfg = Release|Any CPU
		{87A71215-7CAC-4B80-9D43-1700DECFB828}.Ad-Hoc|Mixed Platforms.ActiveCfg = Release|Any CPU
		{87A71215-7CAC-4B80-9D43-1700DECFB828}.Ad-Hoc|Mixed Platforms.Build.0 = Release|Any CPU
		{87A71215-7CAC-4B80-9D43-1700DECFB828}.Ad-Hoc|x86.ActiveCfg = Release|Any CPU
		{87A71215-7CAC-4B80-9D43-1700DECFB828}.AppStore|Any CPU.ActiveCfg = Release|Any CPU
		{87A71215-7CAC-4B80-9D43-1700DECFB828}.AppStore|Any CPU.Build.0 = Release|Any CPU
		{87A71215-7CAC-4B80-9D43-1700DECFB828}.AppStore|ARM.ActiveCfg = Release|Any CPU
		{87A71215-7CAC-4B80-9D43-1700DECFB828}.AppStore|iPhone.ActiveCfg = Release|Any CPU
		{87A71215-7CAC-4B80-9D43-1700DECFB828}.AppStore|iPhoneSimulator.ActiveCfg = Release|Any CPU
		{87A71215-7CAC-4B80-9D43-1700DECFB828}.AppStore|Mixed Platforms.ActiveCfg = Release|Any CPU
		{87A71215-7CAC-4B80-9D43-1700DECFB828}.AppStore|Mixed Platforms.Build.0 = Release|Any CPU
		{87A71215-7CAC-4B80-9D43-1700DECFB828}.AppStore|x86.ActiveCfg = Release|Any CPU
		{87A71215-7CAC-4B80-9D43-1700DECFB828}.Debug|Any CPU.ActiveCfg = Debug|Any CPU
		{87A71215-7CAC-4B80-9D43-1700DECFB828}.Debug|Any CPU.Build.0 = Debug|Any CPU
		{87A71215-7CAC-4B80-9D43-1700DECFB828}.Debug|ARM.ActiveCfg = Debug|Any CPU
		{87A71215-7CAC-4B80-9D43-1700DECFB828}.Debug|iPhone.ActiveCfg = Debug|Any CPU
		{87A71215-7CAC-4B80-9D43-1700DECFB828}.Debug|iPhoneSimulator.ActiveCfg = Debug|Any CPU
		{87A71215-7CAC-4B80-9D43-1700DECFB828}.Debug|Mixed Platforms.ActiveCfg = Debug|Any CPU
		{87A71215-7CAC-4B80-9D43-1700DECFB828}.Debug|Mixed Platforms.Build.0 = Debug|Any CPU
		{87A71215-7CAC-4B80-9D43-1700DECFB828}.Debug|x86.ActiveCfg = Debug|Any CPU
		{87A71215-7CAC-4B80-9D43-1700DECFB828}.Release|Any CPU.ActiveCfg = Release|Any CPU
		{87A71215-7CAC-4B80-9D43-1700DECFB828}.Release|Any CPU.Build.0 = Release|Any CPU
		{87A71215-7CAC-4B80-9D43-1700DECFB828}.Release|ARM.ActiveCfg = Release|Any CPU
		{87A71215-7CAC-4B80-9D43-1700DECFB828}.Release|iPhone.ActiveCfg = Release|Any CPU
		{87A71215-7CAC-4B80-9D43-1700DECFB828}.Release|iPhoneSimulator.ActiveCfg = Release|Any CPU
		{87A71215-7CAC-4B80-9D43-1700DECFB828}.Release|Mixed Platforms.ActiveCfg = Release|Any CPU
		{87A71215-7CAC-4B80-9D43-1700DECFB828}.Release|Mixed Platforms.Build.0 = Release|Any CPU
		{87A71215-7CAC-4B80-9D43-1700DECFB828}.Release|x86.ActiveCfg = Release|Any CPU
		{A65B8326-1DDD-4E5D-8130-E74F70919E81}.Ad-Hoc|Any CPU.ActiveCfg = Release|Any CPU
		{A65B8326-1DDD-4E5D-8130-E74F70919E81}.Ad-Hoc|Any CPU.Build.0 = Release|Any CPU
		{A65B8326-1DDD-4E5D-8130-E74F70919E81}.Ad-Hoc|ARM.ActiveCfg = Release|Any CPU
		{A65B8326-1DDD-4E5D-8130-E74F70919E81}.Ad-Hoc|iPhone.ActiveCfg = Release|Any CPU
		{A65B8326-1DDD-4E5D-8130-E74F70919E81}.Ad-Hoc|iPhoneSimulator.ActiveCfg = Release|Any CPU
		{A65B8326-1DDD-4E5D-8130-E74F70919E81}.Ad-Hoc|Mixed Platforms.ActiveCfg = Release|Any CPU
		{A65B8326-1DDD-4E5D-8130-E74F70919E81}.Ad-Hoc|Mixed Platforms.Build.0 = Release|Any CPU
		{A65B8326-1DDD-4E5D-8130-E74F70919E81}.Ad-Hoc|x86.ActiveCfg = Release|Any CPU
		{A65B8326-1DDD-4E5D-8130-E74F70919E81}.AppStore|Any CPU.ActiveCfg = Release|Any CPU
		{A65B8326-1DDD-4E5D-8130-E74F70919E81}.AppStore|Any CPU.Build.0 = Release|Any CPU
		{A65B8326-1DDD-4E5D-8130-E74F70919E81}.AppStore|ARM.ActiveCfg = Release|Any CPU
		{A65B8326-1DDD-4E5D-8130-E74F70919E81}.AppStore|iPhone.ActiveCfg = Release|Any CPU
		{A65B8326-1DDD-4E5D-8130-E74F70919E81}.AppStore|iPhoneSimulator.ActiveCfg = Release|Any CPU
		{A65B8326-1DDD-4E5D-8130-E74F70919E81}.AppStore|Mixed Platforms.ActiveCfg = Release|Any CPU
		{A65B8326-1DDD-4E5D-8130-E74F70919E81}.AppStore|Mixed Platforms.Build.0 = Release|Any CPU
		{A65B8326-1DDD-4E5D-8130-E74F70919E81}.AppStore|x86.ActiveCfg = Release|Any CPU
		{A65B8326-1DDD-4E5D-8130-E74F70919E81}.Debug|Any CPU.ActiveCfg = Debug|Any CPU
		{A65B8326-1DDD-4E5D-8130-E74F70919E81}.Debug|Any CPU.Build.0 = Debug|Any CPU
		{A65B8326-1DDD-4E5D-8130-E74F70919E81}.Debug|ARM.ActiveCfg = Debug|Any CPU
		{A65B8326-1DDD-4E5D-8130-E74F70919E81}.Debug|iPhone.ActiveCfg = Debug|Any CPU
		{A65B8326-1DDD-4E5D-8130-E74F70919E81}.Debug|iPhoneSimulator.ActiveCfg = Debug|Any CPU
		{A65B8326-1DDD-4E5D-8130-E74F70919E81}.Debug|Mixed Platforms.ActiveCfg = Debug|Any CPU
		{A65B8326-1DDD-4E5D-8130-E74F70919E81}.Debug|Mixed Platforms.Build.0 = Debug|Any CPU
		{A65B8326-1DDD-4E5D-8130-E74F70919E81}.Debug|x86.ActiveCfg = Debug|Any CPU
		{A65B8326-1DDD-4E5D-8130-E74F70919E81}.Release|Any CPU.ActiveCfg = Release|Any CPU
		{A65B8326-1DDD-4E5D-8130-E74F70919E81}.Release|Any CPU.Build.0 = Release|Any CPU
		{A65B8326-1DDD-4E5D-8130-E74F70919E81}.Release|ARM.ActiveCfg = Release|Any CPU
		{A65B8326-1DDD-4E5D-8130-E74F70919E81}.Release|iPhone.ActiveCfg = Release|Any CPU
		{A65B8326-1DDD-4E5D-8130-E74F70919E81}.Release|iPhoneSimulator.ActiveCfg = Release|Any CPU
		{A65B8326-1DDD-4E5D-8130-E74F70919E81}.Release|Mixed Platforms.ActiveCfg = Release|Any CPU
		{A65B8326-1DDD-4E5D-8130-E74F70919E81}.Release|Mixed Platforms.Build.0 = Release|Any CPU
		{A65B8326-1DDD-4E5D-8130-E74F70919E81}.Release|x86.ActiveCfg = Release|Any CPU
		{AE483C29-042E-4226-BA52-D247CE7676DA}.Ad-Hoc|Any CPU.ActiveCfg = Release|Any CPU
		{AE483C29-042E-4226-BA52-D247CE7676DA}.Ad-Hoc|Any CPU.Build.0 = Release|Any CPU
		{AE483C29-042E-4226-BA52-D247CE7676DA}.Ad-Hoc|ARM.ActiveCfg = Release|Any CPU
		{AE483C29-042E-4226-BA52-D247CE7676DA}.Ad-Hoc|iPhone.ActiveCfg = Release|Any CPU
		{AE483C29-042E-4226-BA52-D247CE7676DA}.Ad-Hoc|iPhoneSimulator.ActiveCfg = Release|Any CPU
		{AE483C29-042E-4226-BA52-D247CE7676DA}.Ad-Hoc|Mixed Platforms.ActiveCfg = Release|Any CPU
		{AE483C29-042E-4226-BA52-D247CE7676DA}.Ad-Hoc|Mixed Platforms.Build.0 = Release|Any CPU
		{AE483C29-042E-4226-BA52-D247CE7676DA}.Ad-Hoc|x86.ActiveCfg = Release|Any CPU
		{AE483C29-042E-4226-BA52-D247CE7676DA}.AppStore|Any CPU.ActiveCfg = Release|Any CPU
		{AE483C29-042E-4226-BA52-D247CE7676DA}.AppStore|Any CPU.Build.0 = Release|Any CPU
		{AE483C29-042E-4226-BA52-D247CE7676DA}.AppStore|ARM.ActiveCfg = Release|Any CPU
		{AE483C29-042E-4226-BA52-D247CE7676DA}.AppStore|iPhone.ActiveCfg = Release|Any CPU
		{AE483C29-042E-4226-BA52-D247CE7676DA}.AppStore|iPhoneSimulator.ActiveCfg = Release|Any CPU
		{AE483C29-042E-4226-BA52-D247CE7676DA}.AppStore|Mixed Platforms.ActiveCfg = Release|Any CPU
		{AE483C29-042E-4226-BA52-D247CE7676DA}.AppStore|Mixed Platforms.Build.0 = Release|Any CPU
		{AE483C29-042E-4226-BA52-D247CE7676DA}.AppStore|x86.ActiveCfg = Release|Any CPU
		{AE483C29-042E-4226-BA52-D247CE7676DA}.Debug|Any CPU.ActiveCfg = Debug|Any CPU
		{AE483C29-042E-4226-BA52-D247CE7676DA}.Debug|Any CPU.Build.0 = Debug|Any CPU
		{AE483C29-042E-4226-BA52-D247CE7676DA}.Debug|ARM.ActiveCfg = Debug|Any CPU
		{AE483C29-042E-4226-BA52-D247CE7676DA}.Debug|iPhone.ActiveCfg = Debug|Any CPU
		{AE483C29-042E-4226-BA52-D247CE7676DA}.Debug|iPhoneSimulator.ActiveCfg = Debug|Any CPU
		{AE483C29-042E-4226-BA52-D247CE7676DA}.Debug|Mixed Platforms.ActiveCfg = Debug|Any CPU
		{AE483C29-042E-4226-BA52-D247CE7676DA}.Debug|Mixed Platforms.Build.0 = Debug|Any CPU
		{AE483C29-042E-4226-BA52-D247CE7676DA}.Debug|x86.ActiveCfg = Debug|Any CPU
		{AE483C29-042E-4226-BA52-D247CE7676DA}.Release|Any CPU.ActiveCfg = Release|Any CPU
		{AE483C29-042E-4226-BA52-D247CE7676DA}.Release|Any CPU.Build.0 = Release|Any CPU
		{AE483C29-042E-4226-BA52-D247CE7676DA}.Release|ARM.ActiveCfg = Release|Any CPU
		{AE483C29-042E-4226-BA52-D247CE7676DA}.Release|iPhone.ActiveCfg = Release|Any CPU
		{AE483C29-042E-4226-BA52-D247CE7676DA}.Release|iPhoneSimulator.ActiveCfg = Release|Any CPU
		{AE483C29-042E-4226-BA52-D247CE7676DA}.Release|Mixed Platforms.ActiveCfg = Release|Any CPU
		{AE483C29-042E-4226-BA52-D247CE7676DA}.Release|Mixed Platforms.Build.0 = Release|Any CPU
		{AE483C29-042E-4226-BA52-D247CE7676DA}.Release|x86.ActiveCfg = Release|Any CPU
		{BA9476CF-99BA-4D03-92F2-73D2C5E58883}.Ad-Hoc|Any CPU.ActiveCfg = Release|Any CPU
		{BA9476CF-99BA-4D03-92F2-73D2C5E58883}.Ad-Hoc|Any CPU.Build.0 = Release|Any CPU
		{BA9476CF-99BA-4D03-92F2-73D2C5E58883}.Ad-Hoc|ARM.ActiveCfg = Release|Any CPU
		{BA9476CF-99BA-4D03-92F2-73D2C5E58883}.Ad-Hoc|iPhone.ActiveCfg = Release|Any CPU
		{BA9476CF-99BA-4D03-92F2-73D2C5E58883}.Ad-Hoc|iPhoneSimulator.ActiveCfg = Release|Any CPU
		{BA9476CF-99BA-4D03-92F2-73D2C5E58883}.Ad-Hoc|Mixed Platforms.ActiveCfg = Release|Any CPU
		{BA9476CF-99BA-4D03-92F2-73D2C5E58883}.Ad-Hoc|Mixed Platforms.Build.0 = Release|Any CPU
		{BA9476CF-99BA-4D03-92F2-73D2C5E58883}.Ad-Hoc|x86.ActiveCfg = Release|Any CPU
		{BA9476CF-99BA-4D03-92F2-73D2C5E58883}.AppStore|Any CPU.ActiveCfg = Release|Any CPU
		{BA9476CF-99BA-4D03-92F2-73D2C5E58883}.AppStore|Any CPU.Build.0 = Release|Any CPU
		{BA9476CF-99BA-4D03-92F2-73D2C5E58883}.AppStore|ARM.ActiveCfg = Release|Any CPU
		{BA9476CF-99BA-4D03-92F2-73D2C5E58883}.AppStore|iPhone.ActiveCfg = Release|Any CPU
		{BA9476CF-99BA-4D03-92F2-73D2C5E58883}.AppStore|iPhoneSimulator.ActiveCfg = Release|Any CPU
		{BA9476CF-99BA-4D03-92F2-73D2C5E58883}.AppStore|Mixed Platforms.ActiveCfg = Release|Any CPU
		{BA9476CF-99BA-4D03-92F2-73D2C5E58883}.AppStore|Mixed Platforms.Build.0 = Release|Any CPU
		{BA9476CF-99BA-4D03-92F2-73D2C5E58883}.AppStore|x86.ActiveCfg = Release|Any CPU
		{BA9476CF-99BA-4D03-92F2-73D2C5E58883}.Debug|Any CPU.ActiveCfg = Debug|Any CPU
		{BA9476CF-99BA-4D03-92F2-73D2C5E58883}.Debug|Any CPU.Build.0 = Debug|Any CPU
		{BA9476CF-99BA-4D03-92F2-73D2C5E58883}.Debug|ARM.ActiveCfg = Debug|Any CPU
		{BA9476CF-99BA-4D03-92F2-73D2C5E58883}.Debug|iPhone.ActiveCfg = Debug|Any CPU
		{BA9476CF-99BA-4D03-92F2-73D2C5E58883}.Debug|iPhoneSimulator.ActiveCfg = Debug|Any CPU
		{BA9476CF-99BA-4D03-92F2-73D2C5E58883}.Debug|Mixed Platforms.ActiveCfg = Debug|Any CPU
		{BA9476CF-99BA-4D03-92F2-73D2C5E58883}.Debug|Mixed Platforms.Build.0 = Debug|Any CPU
		{BA9476CF-99BA-4D03-92F2-73D2C5E58883}.Debug|x86.ActiveCfg = Debug|Any CPU
		{BA9476CF-99BA-4D03-92F2-73D2C5E58883}.Release|Any CPU.ActiveCfg = Release|Any CPU
		{BA9476CF-99BA-4D03-92F2-73D2C5E58883}.Release|Any CPU.Build.0 = Release|Any CPU
		{BA9476CF-99BA-4D03-92F2-73D2C5E58883}.Release|ARM.ActiveCfg = Release|Any CPU
		{BA9476CF-99BA-4D03-92F2-73D2C5E58883}.Release|iPhone.ActiveCfg = Release|Any CPU
		{BA9476CF-99BA-4D03-92F2-73D2C5E58883}.Release|iPhoneSimulator.ActiveCfg = Release|Any CPU
		{BA9476CF-99BA-4D03-92F2-73D2C5E58883}.Release|Mixed Platforms.ActiveCfg = Release|Any CPU
		{BA9476CF-99BA-4D03-92F2-73D2C5E58883}.Release|Mixed Platforms.Build.0 = Release|Any CPU
		{BA9476CF-99BA-4D03-92F2-73D2C5E58883}.Release|x86.ActiveCfg = Release|Any CPU
		{BAA9A6E4-7690-4DE0-9531-DE0EAEEC9739}.Ad-Hoc|Any CPU.ActiveCfg = Release|x86
		{BAA9A6E4-7690-4DE0-9531-DE0EAEEC9739}.Ad-Hoc|ARM.ActiveCfg = Release|ARM
		{BAA9A6E4-7690-4DE0-9531-DE0EAEEC9739}.Ad-Hoc|ARM.Build.0 = Release|ARM
		{BAA9A6E4-7690-4DE0-9531-DE0EAEEC9739}.Ad-Hoc|iPhone.ActiveCfg = Release|x86
		{BAA9A6E4-7690-4DE0-9531-DE0EAEEC9739}.Ad-Hoc|iPhoneSimulator.ActiveCfg = Release|x86
		{BAA9A6E4-7690-4DE0-9531-DE0EAEEC9739}.Ad-Hoc|Mixed Platforms.ActiveCfg = Release|x86
		{BAA9A6E4-7690-4DE0-9531-DE0EAEEC9739}.Ad-Hoc|Mixed Platforms.Build.0 = Release|x86
		{BAA9A6E4-7690-4DE0-9531-DE0EAEEC9739}.Ad-Hoc|x86.ActiveCfg = Release|x86
		{BAA9A6E4-7690-4DE0-9531-DE0EAEEC9739}.Ad-Hoc|x86.Build.0 = Release|x86
		{BAA9A6E4-7690-4DE0-9531-DE0EAEEC9739}.AppStore|Any CPU.ActiveCfg = Release|x86
		{BAA9A6E4-7690-4DE0-9531-DE0EAEEC9739}.AppStore|ARM.ActiveCfg = Release|ARM
		{BAA9A6E4-7690-4DE0-9531-DE0EAEEC9739}.AppStore|ARM.Build.0 = Release|ARM
		{BAA9A6E4-7690-4DE0-9531-DE0EAEEC9739}.AppStore|iPhone.ActiveCfg = Release|x86
		{BAA9A6E4-7690-4DE0-9531-DE0EAEEC9739}.AppStore|iPhoneSimulator.ActiveCfg = Release|x86
		{BAA9A6E4-7690-4DE0-9531-DE0EAEEC9739}.AppStore|Mixed Platforms.ActiveCfg = Release|x86
		{BAA9A6E4-7690-4DE0-9531-DE0EAEEC9739}.AppStore|Mixed Platforms.Build.0 = Release|x86
		{BAA9A6E4-7690-4DE0-9531-DE0EAEEC9739}.AppStore|x86.ActiveCfg = Release|x86
		{BAA9A6E4-7690-4DE0-9531-DE0EAEEC9739}.AppStore|x86.Build.0 = Release|x86
		{BAA9A6E4-7690-4DE0-9531-DE0EAEEC9739}.Debug|Any CPU.ActiveCfg = Debug|x86
		{BAA9A6E4-7690-4DE0-9531-DE0EAEEC9739}.Debug|ARM.ActiveCfg = Debug|ARM
		{BAA9A6E4-7690-4DE0-9531-DE0EAEEC9739}.Debug|ARM.Build.0 = Debug|ARM
		{BAA9A6E4-7690-4DE0-9531-DE0EAEEC9739}.Debug|iPhone.ActiveCfg = Debug|x86
		{BAA9A6E4-7690-4DE0-9531-DE0EAEEC9739}.Debug|iPhoneSimulator.ActiveCfg = Debug|x86
		{BAA9A6E4-7690-4DE0-9531-DE0EAEEC9739}.Debug|Mixed Platforms.ActiveCfg = Debug|x86
		{BAA9A6E4-7690-4DE0-9531-DE0EAEEC9739}.Debug|Mixed Platforms.Build.0 = Debug|x86
		{BAA9A6E4-7690-4DE0-9531-DE0EAEEC9739}.Debug|x86.ActiveCfg = Debug|x86
		{BAA9A6E4-7690-4DE0-9531-DE0EAEEC9739}.Debug|x86.Build.0 = Debug|x86
		{BAA9A6E4-7690-4DE0-9531-DE0EAEEC9739}.Release|Any CPU.ActiveCfg = Release|x86
		{BAA9A6E4-7690-4DE0-9531-DE0EAEEC9739}.Release|ARM.ActiveCfg = Release|ARM
		{BAA9A6E4-7690-4DE0-9531-DE0EAEEC9739}.Release|ARM.Build.0 = Release|ARM
		{BAA9A6E4-7690-4DE0-9531-DE0EAEEC9739}.Release|iPhone.ActiveCfg = Release|x86
		{BAA9A6E4-7690-4DE0-9531-DE0EAEEC9739}.Release|iPhoneSimulator.ActiveCfg = Release|x86
		{BAA9A6E4-7690-4DE0-9531-DE0EAEEC9739}.Release|Mixed Platforms.ActiveCfg = Release|x86
		{BAA9A6E4-7690-4DE0-9531-DE0EAEEC9739}.Release|Mixed Platforms.Build.0 = Release|x86
		{BAA9A6E4-7690-4DE0-9531-DE0EAEEC9739}.Release|x86.ActiveCfg = Release|x86
		{BAA9A6E4-7690-4DE0-9531-DE0EAEEC9739}.Release|x86.Build.0 = Release|x86
		{C6DA906E-9E4A-428B-8870-07A39B172F83}.Ad-Hoc|Any CPU.ActiveCfg = Release|x86
		{C6DA906E-9E4A-428B-8870-07A39B172F83}.Ad-Hoc|ARM.ActiveCfg = Release|ARM
		{C6DA906E-9E4A-428B-8870-07A39B172F83}.Ad-Hoc|ARM.Build.0 = Release|ARM
		{C6DA906E-9E4A-428B-8870-07A39B172F83}.Ad-Hoc|iPhone.ActiveCfg = Release|x86
		{C6DA906E-9E4A-428B-8870-07A39B172F83}.Ad-Hoc|iPhoneSimulator.ActiveCfg = Release|x86
		{C6DA906E-9E4A-428B-8870-07A39B172F83}.Ad-Hoc|Mixed Platforms.ActiveCfg = Release|x86
		{C6DA906E-9E4A-428B-8870-07A39B172F83}.Ad-Hoc|Mixed Platforms.Build.0 = Release|x86
		{C6DA906E-9E4A-428B-8870-07A39B172F83}.Ad-Hoc|x86.ActiveCfg = Release|x86
		{C6DA906E-9E4A-428B-8870-07A39B172F83}.Ad-Hoc|x86.Build.0 = Release|x86
		{C6DA906E-9E4A-428B-8870-07A39B172F83}.AppStore|Any CPU.ActiveCfg = Release|x86
		{C6DA906E-9E4A-428B-8870-07A39B172F83}.AppStore|ARM.ActiveCfg = Release|ARM
		{C6DA906E-9E4A-428B-8870-07A39B172F83}.AppStore|ARM.Build.0 = Release|ARM
		{C6DA906E-9E4A-428B-8870-07A39B172F83}.AppStore|iPhone.ActiveCfg = Release|x86
		{C6DA906E-9E4A-428B-8870-07A39B172F83}.AppStore|iPhoneSimulator.ActiveCfg = Release|x86
		{C6DA906E-9E4A-428B-8870-07A39B172F83}.AppStore|Mixed Platforms.ActiveCfg = Release|x86
		{C6DA906E-9E4A-428B-8870-07A39B172F83}.AppStore|Mixed Platforms.Build.0 = Release|x86
		{C6DA906E-9E4A-428B-8870-07A39B172F83}.AppStore|x86.ActiveCfg = Release|x86
		{C6DA906E-9E4A-428B-8870-07A39B172F83}.AppStore|x86.Build.0 = Release|x86
		{C6DA906E-9E4A-428B-8870-07A39B172F83}.Debug|Any CPU.ActiveCfg = Debug|x86
		{C6DA906E-9E4A-428B-8870-07A39B172F83}.Debug|ARM.ActiveCfg = Debug|ARM
		{C6DA906E-9E4A-428B-8870-07A39B172F83}.Debug|ARM.Build.0 = Debug|ARM
		{C6DA906E-9E4A-428B-8870-07A39B172F83}.Debug|iPhone.ActiveCfg = Debug|x86
		{C6DA906E-9E4A-428B-8870-07A39B172F83}.Debug|iPhoneSimulator.ActiveCfg = Debug|x86
		{C6DA906E-9E4A-428B-8870-07A39B172F83}.Debug|Mixed Platforms.ActiveCfg = Debug|x86
		{C6DA906E-9E4A-428B-8870-07A39B172F83}.Debug|Mixed Platforms.Build.0 = Debug|x86
		{C6DA906E-9E4A-428B-8870-07A39B172F83}.Debug|x86.ActiveCfg = Debug|x86
		{C6DA906E-9E4A-428B-8870-07A39B172F83}.Debug|x86.Build.0 = Debug|x86
		{C6DA906E-9E4A-428B-8870-07A39B172F83}.Release|Any CPU.ActiveCfg = Release|x86
		{C6DA906E-9E4A-428B-8870-07A39B172F83}.Release|ARM.ActiveCfg = Release|ARM
		{C6DA906E-9E4A-428B-8870-07A39B172F83}.Release|ARM.Build.0 = Release|ARM
		{C6DA906E-9E4A-428B-8870-07A39B172F83}.Release|iPhone.ActiveCfg = Release|x86
		{C6DA906E-9E4A-428B-8870-07A39B172F83}.Release|iPhoneSimulator.ActiveCfg = Release|x86
		{C6DA906E-9E4A-428B-8870-07A39B172F83}.Release|Mixed Platforms.ActiveCfg = Release|x86
		{C6DA906E-9E4A-428B-8870-07A39B172F83}.Release|Mixed Platforms.Build.0 = Release|x86
		{C6DA906E-9E4A-428B-8870-07A39B172F83}.Release|x86.ActiveCfg = Release|x86
		{C6DA906E-9E4A-428B-8870-07A39B172F83}.Release|x86.Build.0 = Release|x86
		{D4838656-8545-4DC5-8822-D4AD313E17AC}.Ad-Hoc|Any CPU.ActiveCfg = Ad-Hoc|iPhoneSimulator
		{D4838656-8545-4DC5-8822-D4AD313E17AC}.Ad-Hoc|ARM.ActiveCfg = Ad-Hoc|iPhoneSimulator
		{D4838656-8545-4DC5-8822-D4AD313E17AC}.Ad-Hoc|iPhone.ActiveCfg = Ad-Hoc|iPhone
		{D4838656-8545-4DC5-8822-D4AD313E17AC}.Ad-Hoc|iPhone.Build.0 = Ad-Hoc|iPhone
		{D4838656-8545-4DC5-8822-D4AD313E17AC}.Ad-Hoc|iPhoneSimulator.ActiveCfg = Ad-Hoc|iPhoneSimulator
		{D4838656-8545-4DC5-8822-D4AD313E17AC}.Ad-Hoc|iPhoneSimulator.Build.0 = Ad-Hoc|iPhoneSimulator
		{D4838656-8545-4DC5-8822-D4AD313E17AC}.Ad-Hoc|Mixed Platforms.ActiveCfg = Ad-Hoc|iPhoneSimulator
		{D4838656-8545-4DC5-8822-D4AD313E17AC}.Ad-Hoc|Mixed Platforms.Build.0 = Ad-Hoc|iPhoneSimulator
		{D4838656-8545-4DC5-8822-D4AD313E17AC}.Ad-Hoc|x86.ActiveCfg = Ad-Hoc|iPhoneSimulator
		{D4838656-8545-4DC5-8822-D4AD313E17AC}.AppStore|Any CPU.ActiveCfg = AppStore|iPhoneSimulator
		{D4838656-8545-4DC5-8822-D4AD313E17AC}.AppStore|ARM.ActiveCfg = AppStore|iPhoneSimulator
		{D4838656-8545-4DC5-8822-D4AD313E17AC}.AppStore|iPhone.ActiveCfg = AppStore|iPhone
		{D4838656-8545-4DC5-8822-D4AD313E17AC}.AppStore|iPhone.Build.0 = AppStore|iPhone
		{D4838656-8545-4DC5-8822-D4AD313E17AC}.AppStore|iPhoneSimulator.ActiveCfg = AppStore|iPhoneSimulator
		{D4838656-8545-4DC5-8822-D4AD313E17AC}.AppStore|iPhoneSimulator.Build.0 = AppStore|iPhoneSimulator
		{D4838656-8545-4DC5-8822-D4AD313E17AC}.AppStore|Mixed Platforms.ActiveCfg = AppStore|iPhoneSimulator
		{D4838656-8545-4DC5-8822-D4AD313E17AC}.AppStore|Mixed Platforms.Build.0 = AppStore|iPhoneSimulator
		{D4838656-8545-4DC5-8822-D4AD313E17AC}.AppStore|x86.ActiveCfg = AppStore|iPhoneSimulator
		{D4838656-8545-4DC5-8822-D4AD313E17AC}.Debug|Any CPU.ActiveCfg = Debug|iPhoneSimulator
		{D4838656-8545-4DC5-8822-D4AD313E17AC}.Debug|ARM.ActiveCfg = Debug|iPhoneSimulator
		{D4838656-8545-4DC5-8822-D4AD313E17AC}.Debug|iPhone.ActiveCfg = Debug|iPhone
		{D4838656-8545-4DC5-8822-D4AD313E17AC}.Debug|iPhone.Build.0 = Debug|iPhone
		{D4838656-8545-4DC5-8822-D4AD313E17AC}.Debug|iPhoneSimulator.ActiveCfg = Debug|iPhoneSimulator
		{D4838656-8545-4DC5-8822-D4AD313E17AC}.Debug|iPhoneSimulator.Build.0 = Debug|iPhoneSimulator
		{D4838656-8545-4DC5-8822-D4AD313E17AC}.Debug|Mixed Platforms.ActiveCfg = Debug|iPhoneSimulator
		{D4838656-8545-4DC5-8822-D4AD313E17AC}.Debug|Mixed Platforms.Build.0 = Debug|iPhoneSimulator
		{D4838656-8545-4DC5-8822-D4AD313E17AC}.Debug|x86.ActiveCfg = Debug|iPhoneSimulator
		{D4838656-8545-4DC5-8822-D4AD313E17AC}.Release|Any CPU.ActiveCfg = Release|iPhoneSimulator
		{D4838656-8545-4DC5-8822-D4AD313E17AC}.Release|ARM.ActiveCfg = Release|iPhoneSimulator
		{D4838656-8545-4DC5-8822-D4AD313E17AC}.Release|iPhone.ActiveCfg = Release|iPhone
		{D4838656-8545-4DC5-8822-D4AD313E17AC}.Release|iPhone.Build.0 = Release|iPhone
		{D4838656-8545-4DC5-8822-D4AD313E17AC}.Release|iPhoneSimulator.ActiveCfg = Release|iPhoneSimulator
		{D4838656-8545-4DC5-8822-D4AD313E17AC}.Release|iPhoneSimulator.Build.0 = Release|iPhoneSimulator
		{D4838656-8545-4DC5-8822-D4AD313E17AC}.Release|Mixed Platforms.ActiveCfg = Release|iPhoneSimulator
		{D4838656-8545-4DC5-8822-D4AD313E17AC}.Release|Mixed Platforms.Build.0 = Release|iPhoneSimulator
		{D4838656-8545-4DC5-8822-D4AD313E17AC}.Release|x86.ActiveCfg = Release|iPhoneSimulator
		{DB8508BB-9849-4CC2-BC0F-8EB5DACB3C47}.Ad-Hoc|Any CPU.ActiveCfg = Ad-Hoc|iPhoneSimulator
		{DB8508BB-9849-4CC2-BC0F-8EB5DACB3C47}.Ad-Hoc|ARM.ActiveCfg = Ad-Hoc|iPhoneSimulator
		{DB8508BB-9849-4CC2-BC0F-8EB5DACB3C47}.Ad-Hoc|iPhone.ActiveCfg = Ad-Hoc|iPhone
		{DB8508BB-9849-4CC2-BC0F-8EB5DACB3C47}.Ad-Hoc|iPhone.Build.0 = Ad-Hoc|iPhone
		{DB8508BB-9849-4CC2-BC0F-8EB5DACB3C47}.Ad-Hoc|iPhoneSimulator.ActiveCfg = Ad-Hoc|iPhoneSimulator
		{DB8508BB-9849-4CC2-BC0F-8EB5DACB3C47}.Ad-Hoc|iPhoneSimulator.Build.0 = Ad-Hoc|iPhoneSimulator
		{DB8508BB-9849-4CC2-BC0F-8EB5DACB3C47}.Ad-Hoc|Mixed Platforms.ActiveCfg = Ad-Hoc|iPhoneSimulator
		{DB8508BB-9849-4CC2-BC0F-8EB5DACB3C47}.Ad-Hoc|Mixed Platforms.Build.0 = Ad-Hoc|iPhoneSimulator
		{DB8508BB-9849-4CC2-BC0F-8EB5DACB3C47}.Ad-Hoc|x86.ActiveCfg = Ad-Hoc|iPhoneSimulator
		{DB8508BB-9849-4CC2-BC0F-8EB5DACB3C47}.AppStore|Any CPU.ActiveCfg = AppStore|iPhoneSimulator
		{DB8508BB-9849-4CC2-BC0F-8EB5DACB3C47}.AppStore|ARM.ActiveCfg = AppStore|iPhoneSimulator
		{DB8508BB-9849-4CC2-BC0F-8EB5DACB3C47}.AppStore|iPhone.ActiveCfg = AppStore|iPhone
		{DB8508BB-9849-4CC2-BC0F-8EB5DACB3C47}.AppStore|iPhone.Build.0 = AppStore|iPhone
		{DB8508BB-9849-4CC2-BC0F-8EB5DACB3C47}.AppStore|iPhoneSimulator.ActiveCfg = AppStore|iPhoneSimulator
		{DB8508BB-9849-4CC2-BC0F-8EB5DACB3C47}.AppStore|iPhoneSimulator.Build.0 = AppStore|iPhoneSimulator
		{DB8508BB-9849-4CC2-BC0F-8EB5DACB3C47}.AppStore|Mixed Platforms.ActiveCfg = AppStore|iPhoneSimulator
		{DB8508BB-9849-4CC2-BC0F-8EB5DACB3C47}.AppStore|Mixed Platforms.Build.0 = AppStore|iPhoneSimulator
		{DB8508BB-9849-4CC2-BC0F-8EB5DACB3C47}.AppStore|x86.ActiveCfg = AppStore|iPhoneSimulator
		{DB8508BB-9849-4CC2-BC0F-8EB5DACB3C47}.Debug|Any CPU.ActiveCfg = Debug|iPhoneSimulator
		{DB8508BB-9849-4CC2-BC0F-8EB5DACB3C47}.Debug|ARM.ActiveCfg = Debug|iPhoneSimulator
		{DB8508BB-9849-4CC2-BC0F-8EB5DACB3C47}.Debug|iPhone.ActiveCfg = Debug|iPhone
		{DB8508BB-9849-4CC2-BC0F-8EB5DACB3C47}.Debug|iPhone.Build.0 = Debug|iPhone
		{DB8508BB-9849-4CC2-BC0F-8EB5DACB3C47}.Debug|iPhoneSimulator.ActiveCfg = Debug|iPhoneSimulator
		{DB8508BB-9849-4CC2-BC0F-8EB5DACB3C47}.Debug|iPhoneSimulator.Build.0 = Debug|iPhoneSimulator
		{DB8508BB-9849-4CC2-BC0F-8EB5DACB3C47}.Debug|Mixed Platforms.ActiveCfg = Debug|iPhoneSimulator
		{DB8508BB-9849-4CC2-BC0F-8EB5DACB3C47}.Debug|Mixed Platforms.Build.0 = Debug|iPhoneSimulator
		{DB8508BB-9849-4CC2-BC0F-8EB5DACB3C47}.Debug|x86.ActiveCfg = Debug|iPhoneSimulator
		{DB8508BB-9849-4CC2-BC0F-8EB5DACB3C47}.Release|Any CPU.ActiveCfg = Release|iPhoneSimulator
		{DB8508BB-9849-4CC2-BC0F-8EB5DACB3C47}.Release|ARM.ActiveCfg = Release|iPhoneSimulator
		{DB8508BB-9849-4CC2-BC0F-8EB5DACB3C47}.Release|iPhone.ActiveCfg = Release|iPhone
		{DB8508BB-9849-4CC2-BC0F-8EB5DACB3C47}.Release|iPhone.Build.0 = Release|iPhone
		{DB8508BB-9849-4CC2-BC0F-8EB5DACB3C47}.Release|iPhoneSimulator.ActiveCfg = Release|iPhoneSimulator
		{DB8508BB-9849-4CC2-BC0F-8EB5DACB3C47}.Release|iPhoneSimulator.Build.0 = Release|iPhoneSimulator
		{DB8508BB-9849-4CC2-BC0F-8EB5DACB3C47}.Release|Mixed Platforms.ActiveCfg = Release|iPhoneSimulator
		{DB8508BB-9849-4CC2-BC0F-8EB5DACB3C47}.Release|Mixed Platforms.Build.0 = Release|iPhoneSimulator
		{DB8508BB-9849-4CC2-BC0F-8EB5DACB3C47}.Release|x86.ActiveCfg = Release|iPhoneSimulator
		{E21858C2-3011-4AC2-B3BA-57FB4EE7609A}.Ad-Hoc|Any CPU.ActiveCfg = Release|Any CPU
		{E21858C2-3011-4AC2-B3BA-57FB4EE7609A}.Ad-Hoc|Any CPU.Build.0 = Release|Any CPU
		{E21858C2-3011-4AC2-B3BA-57FB4EE7609A}.Ad-Hoc|ARM.ActiveCfg = Release|Any CPU
		{E21858C2-3011-4AC2-B3BA-57FB4EE7609A}.Ad-Hoc|iPhone.ActiveCfg = Release|Any CPU
		{E21858C2-3011-4AC2-B3BA-57FB4EE7609A}.Ad-Hoc|iPhoneSimulator.ActiveCfg = Release|Any CPU
		{E21858C2-3011-4AC2-B3BA-57FB4EE7609A}.Ad-Hoc|Mixed Platforms.ActiveCfg = Release|Any CPU
		{E21858C2-3011-4AC2-B3BA-57FB4EE7609A}.Ad-Hoc|Mixed Platforms.Build.0 = Release|Any CPU
		{E21858C2-3011-4AC2-B3BA-57FB4EE7609A}.Ad-Hoc|x86.ActiveCfg = Release|Any CPU
		{E21858C2-3011-4AC2-B3BA-57FB4EE7609A}.AppStore|Any CPU.ActiveCfg = Release|Any CPU
		{E21858C2-3011-4AC2-B3BA-57FB4EE7609A}.AppStore|Any CPU.Build.0 = Release|Any CPU
		{E21858C2-3011-4AC2-B3BA-57FB4EE7609A}.AppStore|ARM.ActiveCfg = Release|Any CPU
		{E21858C2-3011-4AC2-B3BA-57FB4EE7609A}.AppStore|iPhone.ActiveCfg = Release|Any CPU
		{E21858C2-3011-4AC2-B3BA-57FB4EE7609A}.AppStore|iPhoneSimulator.ActiveCfg = Release|Any CPU
		{E21858C2-3011-4AC2-B3BA-57FB4EE7609A}.AppStore|Mixed Platforms.ActiveCfg = Release|Any CPU
		{E21858C2-3011-4AC2-B3BA-57FB4EE7609A}.AppStore|Mixed Platforms.Build.0 = Release|Any CPU
		{E21858C2-3011-4AC2-B3BA-57FB4EE7609A}.AppStore|x86.ActiveCfg = Release|Any CPU
		{E21858C2-3011-4AC2-B3BA-57FB4EE7609A}.Debug|Any CPU.ActiveCfg = Debug|Any CPU
		{E21858C2-3011-4AC2-B3BA-57FB4EE7609A}.Debug|Any CPU.Build.0 = Debug|Any CPU
		{E21858C2-3011-4AC2-B3BA-57FB4EE7609A}.Debug|ARM.ActiveCfg = Debug|Any CPU
		{E21858C2-3011-4AC2-B3BA-57FB4EE7609A}.Debug|iPhone.ActiveCfg = Debug|Any CPU
		{E21858C2-3011-4AC2-B3BA-57FB4EE7609A}.Debug|iPhoneSimulator.ActiveCfg = Debug|Any CPU
		{E21858C2-3011-4AC2-B3BA-57FB4EE7609A}.Debug|Mixed Platforms.ActiveCfg = Debug|Any CPU
		{E21858C2-3011-4AC2-B3BA-57FB4EE7609A}.Debug|Mixed Platforms.Build.0 = Debug|Any CPU
		{E21858C2-3011-4AC2-B3BA-57FB4EE7609A}.Debug|x86.ActiveCfg = Debug|Any CPU
		{E21858C2-3011-4AC2-B3BA-57FB4EE7609A}.Release|Any CPU.ActiveCfg = Release|Any CPU
		{E21858C2-3011-4AC2-B3BA-57FB4EE7609A}.Release|Any CPU.Build.0 = Release|Any CPU
		{E21858C2-3011-4AC2-B3BA-57FB4EE7609A}.Release|ARM.ActiveCfg = Release|Any CPU
		{E21858C2-3011-4AC2-B3BA-57FB4EE7609A}.Release|iPhone.ActiveCfg = Release|Any CPU
		{E21858C2-3011-4AC2-B3BA-57FB4EE7609A}.Release|iPhoneSimulator.ActiveCfg = Release|Any CPU
		{E21858C2-3011-4AC2-B3BA-57FB4EE7609A}.Release|Mixed Platforms.ActiveCfg = Release|Any CPU
		{E21858C2-3011-4AC2-B3BA-57FB4EE7609A}.Release|Mixed Platforms.Build.0 = Release|Any CPU
		{E21858C2-3011-4AC2-B3BA-57FB4EE7609A}.Release|x86.ActiveCfg = Release|Any CPU
		{FFCCDE91-500E-47EF-8342-5CA5C85A67FE}.Ad-Hoc|Any CPU.ActiveCfg = Release|Any CPU
		{FFCCDE91-500E-47EF-8342-5CA5C85A67FE}.Ad-Hoc|Any CPU.Build.0 = Release|Any CPU
		{FFCCDE91-500E-47EF-8342-5CA5C85A67FE}.Ad-Hoc|ARM.ActiveCfg = Release|Any CPU
		{FFCCDE91-500E-47EF-8342-5CA5C85A67FE}.Ad-Hoc|iPhone.ActiveCfg = Release|Any CPU
		{FFCCDE91-500E-47EF-8342-5CA5C85A67FE}.Ad-Hoc|iPhoneSimulator.ActiveCfg = Release|Any CPU
		{FFCCDE91-500E-47EF-8342-5CA5C85A67FE}.Ad-Hoc|Mixed Platforms.ActiveCfg = Release|Any CPU
		{FFCCDE91-500E-47EF-8342-5CA5C85A67FE}.Ad-Hoc|Mixed Platforms.Build.0 = Release|Any CPU
		{FFCCDE91-500E-47EF-8342-5CA5C85A67FE}.Ad-Hoc|x86.ActiveCfg = Release|Any CPU
		{FFCCDE91-500E-47EF-8342-5CA5C85A67FE}.AppStore|Any CPU.ActiveCfg = Release|Any CPU
		{FFCCDE91-500E-47EF-8342-5CA5C85A67FE}.AppStore|Any CPU.Build.0 = Release|Any CPU
		{FFCCDE91-500E-47EF-8342-5CA5C85A67FE}.AppStore|ARM.ActiveCfg = Release|Any CPU
		{FFCCDE91-500E-47EF-8342-5CA5C85A67FE}.AppStore|iPhone.ActiveCfg = Release|Any CPU
		{FFCCDE91-500E-47EF-8342-5CA5C85A67FE}.AppStore|iPhoneSimulator.ActiveCfg = Release|Any CPU
		{FFCCDE91-500E-47EF-8342-5CA5C85A67FE}.AppStore|Mixed Platforms.ActiveCfg = Release|Any CPU
		{FFCCDE91-500E-47EF-8342-5CA5C85A67FE}.AppStore|Mixed Platforms.Build.0 = Release|Any CPU
		{FFCCDE91-500E-47EF-8342-5CA5C85A67FE}.AppStore|x86.ActiveCfg = Release|Any CPU
		{FFCCDE91-500E-47EF-8342-5CA5C85A67FE}.Debug|Any CPU.ActiveCfg = Debug|Any CPU
		{FFCCDE91-500E-47EF-8342-5CA5C85A67FE}.Debug|Any CPU.Build.0 = Debug|Any CPU
		{FFCCDE91-500E-47EF-8342-5CA5C85A67FE}.Debug|ARM.ActiveCfg = Debug|Any CPU
		{FFCCDE91-500E-47EF-8342-5CA5C85A67FE}.Debug|iPhone.ActiveCfg = Debug|Any CPU
		{FFCCDE91-500E-47EF-8342-5CA5C85A67FE}.Debug|iPhoneSimulator.ActiveCfg = Debug|Any CPU
		{FFCCDE91-500E-47EF-8342-5CA5C85A67FE}.Debug|Mixed Platforms.ActiveCfg = Debug|Any CPU
		{FFCCDE91-500E-47EF-8342-5CA5C85A67FE}.Debug|Mixed Platforms.Build.0 = Debug|Any CPU
		{FFCCDE91-500E-47EF-8342-5CA5C85A67FE}.Debug|x86.ActiveCfg = Debug|Any CPU
		{FFCCDE91-500E-47EF-8342-5CA5C85A67FE}.Release|Any CPU.ActiveCfg = Release|Any CPU
		{FFCCDE91-500E-47EF-8342-5CA5C85A67FE}.Release|Any CPU.Build.0 = Release|Any CPU
		{FFCCDE91-500E-47EF-8342-5CA5C85A67FE}.Release|ARM.ActiveCfg = Release|Any CPU
		{FFCCDE91-500E-47EF-8342-5CA5C85A67FE}.Release|iPhone.ActiveCfg = Release|Any CPU
		{FFCCDE91-500E-47EF-8342-5CA5C85A67FE}.Release|iPhoneSimulator.ActiveCfg = Release|Any CPU
		{FFCCDE91-500E-47EF-8342-5CA5C85A67FE}.Release|Mixed Platforms.ActiveCfg = Release|Any CPU
		{FFCCDE91-500E-47EF-8342-5CA5C85A67FE}.Release|Mixed Platforms.Build.0 = Release|Any CPU
		{FFCCDE91-500E-47EF-8342-5CA5C85A67FE}.Release|x86.ActiveCfg = Release|Any CPU
	EndGlobalSection
	GlobalSection(MonoDevelopProperties) = preSolution
		StartupItem = MonoGame.Framework\MonoGame.Framework.Windows.csproj
	EndGlobalSection
	GlobalSection(SolutionProperties) = preSolution
		HideSolutionNode = FALSE
	EndGlobalSection
EndGlobal
