
Microsoft Visual Studio Solution File, Format Version 12.00
# Visual Studio 2013
VisualStudioVersion = 12.0.30501.0
MinimumVisualStudioVersion = 10.0.40219.1
Project("{FAE04EC0-301F-11D3-BF4B-00C04F79EFBC}") = "MonoGame.Framework.Windows", "MonoGame.Framework\MonoGame.Framework.Windows.csproj", "{7DE47032-A904-4C29-BD22-2D235E8D91BA}"
EndProject
Project("{FAE04EC0-301F-11D3-BF4B-00C04F79EFBC}") = "MonoGame.Framework.WindowsGL", "MonoGame.Framework\MonoGame.Framework.WindowsGL.csproj", "{6D75E618-19CA-4C51-9546-F10965FBC0B8}"
EndProject
Project("{FAE04EC0-301F-11D3-BF4B-00C04F79EFBC}") = "MonoGame.Framework.Windows8", "MonoGame.Framework\MonoGame.Framework.Windows8.csproj", "{0518563C-ACCA-4A14-8C5D-DDBE93E2605F}"
EndProject
Project("{FAE04EC0-301F-11D3-BF4B-00C04F79EFBC}") = "MonoGame.Framework.WindowsPhone", "MonoGame.Framework\MonoGame.Framework.WindowsPhone.csproj", "{BAA9A6E4-7690-4DE0-9531-DE0EAEEC9739}"
EndProject
Project("{FAE04EC0-301F-11D3-BF4B-00C04F79EFBC}") = "MonoGame.Framework.Portable", "MonoGame.Framework\MonoGame.Framework.Portable.csproj", "{FFCCDE91-500E-47EF-8342-5CA5C85A67FE}"
EndProject
Project("{FAE04EC0-301F-11D3-BF4B-00C04F79EFBC}") = "MonoGame.Framework.Net.Windows", "MonoGame.Framework\MonoGame.Framework.Net.Windows.csproj", "{87A71215-7CAC-4B80-9D43-1700DECFB828}"
EndProject
Project("{FAE04EC0-301F-11D3-BF4B-00C04F79EFBC}") = "MonoGame.Framework.Net.Windows8", "MonoGame.Framework\MonoGame.Framework.Net.Windows8.csproj", "{A65B8326-1DDD-4E5D-8130-E74F70919E81}"
EndProject
Project("{FAE04EC0-301F-11D3-BF4B-00C04F79EFBC}") = "MonoGame.Framework.Net.WindowsPhone", "MonoGame.Framework\MonoGame.Framework.Net.WindowsPhone.csproj", "{C6DA906E-9E4A-428B-8870-07A39B172F83}"
EndProject
Project("{FAE04EC0-301F-11D3-BF4B-00C04F79EFBC}") = "MonoGame.Framework.Net.WindowsGL", "MonoGame.Framework\MonoGame.Framework.Net.WindowsGL.csproj", "{6D6009F4-0AFB-4806-89D7-7945F20270F5}"
EndProject
Project("{FAE04EC0-301F-11D3-BF4B-00C04F79EFBC}") = "MonoGame.Framework.Net.Portable", "MonoGame.Framework\MonoGame.Framework.Net.Portable.csproj", "{E21858C2-3011-4AC2-B3BA-57FB4EE7609A}"
EndProject
Project("{FAE04EC0-301F-11D3-BF4B-00C04F79EFBC}") = "Lidgren.Network.Windows", "ThirdParty\Lidgren.Network\Lidgren.Network.Windows.csproj", "{AE483C29-042E-4226-BA52-D247CE7676DA}"
EndProject
Global
	GlobalSection(SolutionConfigurationPlatforms) = preSolution
		Debug|Any CPU = Debug|Any CPU
		Debug|ARM = Debug|ARM
		Debug|Mixed Platforms = Debug|Mixed Platforms
		Debug|x86 = Debug|x86
		Release|Any CPU = Release|Any CPU
		Release|ARM = Release|ARM
		Release|Mixed Platforms = Release|Mixed Platforms
		Release|x86 = Release|x86
	EndGlobalSection
	GlobalSection(ProjectConfigurationPlatforms) = postSolution
		{7DE47032-A904-4C29-BD22-2D235E8D91BA}.Debug|Any CPU.ActiveCfg = Debug|Any CPU
		{7DE47032-A904-4C29-BD22-2D235E8D91BA}.Debug|Any CPU.Build.0 = Debug|Any CPU
		{7DE47032-A904-4C29-BD22-2D235E8D91BA}.Debug|ARM.ActiveCfg = Debug|Any CPU
		{7DE47032-A904-4C29-BD22-2D235E8D91BA}.Debug|Mixed Platforms.ActiveCfg = Debug|Any CPU
		{7DE47032-A904-4C29-BD22-2D235E8D91BA}.Debug|Mixed Platforms.Build.0 = Debug|Any CPU
		{7DE47032-A904-4C29-BD22-2D235E8D91BA}.Debug|x86.ActiveCfg = Debug|Any CPU
		{7DE47032-A904-4C29-BD22-2D235E8D91BA}.Release|Any CPU.ActiveCfg = Release|Any CPU
		{7DE47032-A904-4C29-BD22-2D235E8D91BA}.Release|Any CPU.Build.0 = Release|Any CPU
		{7DE47032-A904-4C29-BD22-2D235E8D91BA}.Release|ARM.ActiveCfg = Release|Any CPU
		{7DE47032-A904-4C29-BD22-2D235E8D91BA}.Release|Mixed Platforms.ActiveCfg = Release|Any CPU
		{7DE47032-A904-4C29-BD22-2D235E8D91BA}.Release|Mixed Platforms.Build.0 = Release|Any CPU
		{7DE47032-A904-4C29-BD22-2D235E8D91BA}.Release|x86.ActiveCfg = Release|Any CPU
		{6D75E618-19CA-4C51-9546-F10965FBC0B8}.Debug|Any CPU.ActiveCfg = Debug|Any CPU
		{6D75E618-19CA-4C51-9546-F10965FBC0B8}.Debug|Any CPU.Build.0 = Debug|Any CPU
		{6D75E618-19CA-4C51-9546-F10965FBC0B8}.Debug|ARM.ActiveCfg = Debug|Any CPU
		{6D75E618-19CA-4C51-9546-F10965FBC0B8}.Debug|Mixed Platforms.ActiveCfg = Debug|Any CPU
		{6D75E618-19CA-4C51-9546-F10965FBC0B8}.Debug|Mixed Platforms.Build.0 = Debug|Any CPU
		{6D75E618-19CA-4C51-9546-F10965FBC0B8}.Debug|x86.ActiveCfg = Debug|Any CPU
		{6D75E618-19CA-4C51-9546-F10965FBC0B8}.Release|Any CPU.ActiveCfg = Release|Any CPU
		{6D75E618-19CA-4C51-9546-F10965FBC0B8}.Release|Any CPU.Build.0 = Release|Any CPU
		{6D75E618-19CA-4C51-9546-F10965FBC0B8}.Release|ARM.ActiveCfg = Release|Any CPU
		{6D75E618-19CA-4C51-9546-F10965FBC0B8}.Release|Mixed Platforms.ActiveCfg = Release|Any CPU
		{6D75E618-19CA-4C51-9546-F10965FBC0B8}.Release|Mixed Platforms.Build.0 = Release|Any CPU
		{6D75E618-19CA-4C51-9546-F10965FBC0B8}.Release|x86.ActiveCfg = Release|Any CPU
		{0518563C-ACCA-4A14-8C5D-DDBE93E2605F}.Debug|Any CPU.ActiveCfg = Debug|Any CPU
		{0518563C-ACCA-4A14-8C5D-DDBE93E2605F}.Debug|Any CPU.Build.0 = Debug|Any CPU
		{0518563C-ACCA-4A14-8C5D-DDBE93E2605F}.Debug|ARM.ActiveCfg = Debug|Any CPU
		{0518563C-ACCA-4A14-8C5D-DDBE93E2605F}.Debug|Mixed Platforms.ActiveCfg = Debug|Any CPU
		{0518563C-ACCA-4A14-8C5D-DDBE93E2605F}.Debug|Mixed Platforms.Build.0 = Debug|Any CPU
		{0518563C-ACCA-4A14-8C5D-DDBE93E2605F}.Debug|x86.ActiveCfg = Debug|Any CPU
		{0518563C-ACCA-4A14-8C5D-DDBE93E2605F}.Release|Any CPU.ActiveCfg = Release|Any CPU
		{0518563C-ACCA-4A14-8C5D-DDBE93E2605F}.Release|Any CPU.Build.0 = Release|Any CPU
		{0518563C-ACCA-4A14-8C5D-DDBE93E2605F}.Release|ARM.ActiveCfg = Release|Any CPU
		{0518563C-ACCA-4A14-8C5D-DDBE93E2605F}.Release|Mixed Platforms.ActiveCfg = Release|Any CPU
		{0518563C-ACCA-4A14-8C5D-DDBE93E2605F}.Release|Mixed Platforms.Build.0 = Release|Any CPU
		{0518563C-ACCA-4A14-8C5D-DDBE93E2605F}.Release|x86.ActiveCfg = Release|Any CPU
		{BAA9A6E4-7690-4DE0-9531-DE0EAEEC9739}.Debug|Any CPU.ActiveCfg = Debug|x86
		{BAA9A6E4-7690-4DE0-9531-DE0EAEEC9739}.Debug|ARM.ActiveCfg = Debug|ARM
		{BAA9A6E4-7690-4DE0-9531-DE0EAEEC9739}.Debug|ARM.Build.0 = Debug|ARM
		{BAA9A6E4-7690-4DE0-9531-DE0EAEEC9739}.Debug|Mixed Platforms.ActiveCfg = Debug|x86
		{BAA9A6E4-7690-4DE0-9531-DE0EAEEC9739}.Debug|Mixed Platforms.Build.0 = Debug|x86
		{BAA9A6E4-7690-4DE0-9531-DE0EAEEC9739}.Debug|x86.ActiveCfg = Debug|x86
		{BAA9A6E4-7690-4DE0-9531-DE0EAEEC9739}.Debug|x86.Build.0 = Debug|x86
		{BAA9A6E4-7690-4DE0-9531-DE0EAEEC9739}.Release|Any CPU.ActiveCfg = Release|x86
		{BAA9A6E4-7690-4DE0-9531-DE0EAEEC9739}.Release|ARM.ActiveCfg = Release|ARM
		{BAA9A6E4-7690-4DE0-9531-DE0EAEEC9739}.Release|ARM.Build.0 = Release|ARM
		{BAA9A6E4-7690-4DE0-9531-DE0EAEEC9739}.Release|Mixed Platforms.ActiveCfg = Release|x86
		{BAA9A6E4-7690-4DE0-9531-DE0EAEEC9739}.Release|Mixed Platforms.Build.0 = Release|x86
		{BAA9A6E4-7690-4DE0-9531-DE0EAEEC9739}.Release|x86.ActiveCfg = Release|x86
		{BAA9A6E4-7690-4DE0-9531-DE0EAEEC9739}.Release|x86.Build.0 = Release|x86
		{FFCCDE91-500E-47EF-8342-5CA5C85A67FE}.Debug|Any CPU.ActiveCfg = Debug|Any CPU
		{FFCCDE91-500E-47EF-8342-5CA5C85A67FE}.Debug|Any CPU.Build.0 = Debug|Any CPU
		{FFCCDE91-500E-47EF-8342-5CA5C85A67FE}.Debug|ARM.ActiveCfg = Debug|Any CPU
		{FFCCDE91-500E-47EF-8342-5CA5C85A67FE}.Debug|Mixed Platforms.ActiveCfg = Debug|Any CPU
		{FFCCDE91-500E-47EF-8342-5CA5C85A67FE}.Debug|Mixed Platforms.Build.0 = Debug|Any CPU
		{FFCCDE91-500E-47EF-8342-5CA5C85A67FE}.Debug|x86.ActiveCfg = Debug|Any CPU
		{FFCCDE91-500E-47EF-8342-5CA5C85A67FE}.Release|Any CPU.ActiveCfg = Release|Any CPU
		{FFCCDE91-500E-47EF-8342-5CA5C85A67FE}.Release|Any CPU.Build.0 = Release|Any CPU
		{FFCCDE91-500E-47EF-8342-5CA5C85A67FE}.Release|ARM.ActiveCfg = Release|Any CPU
		{FFCCDE91-500E-47EF-8342-5CA5C85A67FE}.Release|Mixed Platforms.ActiveCfg = Release|Any CPU
		{FFCCDE91-500E-47EF-8342-5CA5C85A67FE}.Release|Mixed Platforms.Build.0 = Release|Any CPU
		{FFCCDE91-500E-47EF-8342-5CA5C85A67FE}.Release|x86.ActiveCfg = Release|Any CPU
		{87A71215-7CAC-4B80-9D43-1700DECFB828}.Debug|Any CPU.ActiveCfg = Debug|Any CPU
		{87A71215-7CAC-4B80-9D43-1700DECFB828}.Debug|Any CPU.Build.0 = Debug|Any CPU
		{87A71215-7CAC-4B80-9D43-1700DECFB828}.Debug|ARM.ActiveCfg = Debug|Any CPU
		{87A71215-7CAC-4B80-9D43-1700DECFB828}.Debug|Mixed Platforms.ActiveCfg = Debug|Any CPU
		{87A71215-7CAC-4B80-9D43-1700DECFB828}.Debug|Mixed Platforms.Build.0 = Debug|Any CPU
		{87A71215-7CAC-4B80-9D43-1700DECFB828}.Debug|x86.ActiveCfg = Debug|Any CPU
		{87A71215-7CAC-4B80-9D43-1700DECFB828}.Release|Any CPU.ActiveCfg = Release|Any CPU
		{87A71215-7CAC-4B80-9D43-1700DECFB828}.Release|Any CPU.Build.0 = Release|Any CPU
		{87A71215-7CAC-4B80-9D43-1700DECFB828}.Release|ARM.ActiveCfg = Release|Any CPU
		{87A71215-7CAC-4B80-9D43-1700DECFB828}.Release|Mixed Platforms.ActiveCfg = Release|Any CPU
		{87A71215-7CAC-4B80-9D43-1700DECFB828}.Release|Mixed Platforms.Build.0 = Release|Any CPU
		{87A71215-7CAC-4B80-9D43-1700DECFB828}.Release|x86.ActiveCfg = Release|Any CPU
		{A65B8326-1DDD-4E5D-8130-E74F70919E81}.Debug|Any CPU.ActiveCfg = Debug|Any CPU
		{A65B8326-1DDD-4E5D-8130-E74F70919E81}.Debug|Any CPU.Build.0 = Debug|Any CPU
		{A65B8326-1DDD-4E5D-8130-E74F70919E81}.Debug|ARM.ActiveCfg = Debug|Any CPU
		{A65B8326-1DDD-4E5D-8130-E74F70919E81}.Debug|Mixed Platforms.ActiveCfg = Debug|Any CPU
		{A65B8326-1DDD-4E5D-8130-E74F70919E81}.Debug|Mixed Platforms.Build.0 = Debug|Any CPU
		{A65B8326-1DDD-4E5D-8130-E74F70919E81}.Debug|x86.ActiveCfg = Debug|Any CPU
		{A65B8326-1DDD-4E5D-8130-E74F70919E81}.Release|Any CPU.ActiveCfg = Release|Any CPU
		{A65B8326-1DDD-4E5D-8130-E74F70919E81}.Release|Any CPU.Build.0 = Release|Any CPU
		{A65B8326-1DDD-4E5D-8130-E74F70919E81}.Release|ARM.ActiveCfg = Release|Any CPU
		{A65B8326-1DDD-4E5D-8130-E74F70919E81}.Release|Mixed Platforms.ActiveCfg = Release|Any CPU
		{A65B8326-1DDD-4E5D-8130-E74F70919E81}.Release|Mixed Platforms.Build.0 = Release|Any CPU
		{A65B8326-1DDD-4E5D-8130-E74F70919E81}.Release|x86.ActiveCfg = Release|Any CPU
		{C6DA906E-9E4A-428B-8870-07A39B172F83}.Debug|Any CPU.ActiveCfg = Debug|x86
		{C6DA906E-9E4A-428B-8870-07A39B172F83}.Debug|ARM.ActiveCfg = Debug|ARM
		{C6DA906E-9E4A-428B-8870-07A39B172F83}.Debug|ARM.Build.0 = Debug|ARM
		{C6DA906E-9E4A-428B-8870-07A39B172F83}.Debug|Mixed Platforms.ActiveCfg = Debug|x86
		{C6DA906E-9E4A-428B-8870-07A39B172F83}.Debug|Mixed Platforms.Build.0 = Debug|x86
		{C6DA906E-9E4A-428B-8870-07A39B172F83}.Debug|x86.ActiveCfg = Debug|x86
		{C6DA906E-9E4A-428B-8870-07A39B172F83}.Debug|x86.Build.0 = Debug|x86
		{C6DA906E-9E4A-428B-8870-07A39B172F83}.Release|Any CPU.ActiveCfg = Release|x86
		{C6DA906E-9E4A-428B-8870-07A39B172F83}.Release|ARM.ActiveCfg = Release|ARM
		{C6DA906E-9E4A-428B-8870-07A39B172F83}.Release|ARM.Build.0 = Release|ARM
		{C6DA906E-9E4A-428B-8870-07A39B172F83}.Release|Mixed Platforms.ActiveCfg = Release|x86
		{C6DA906E-9E4A-428B-8870-07A39B172F83}.Release|Mixed Platforms.Build.0 = Release|x86
		{C6DA906E-9E4A-428B-8870-07A39B172F83}.Release|x86.ActiveCfg = Release|x86
		{C6DA906E-9E4A-428B-8870-07A39B172F83}.Release|x86.Build.0 = Release|x86
		{6D6009F4-0AFB-4806-89D7-7945F20270F5}.Debug|Any CPU.ActiveCfg = Debug|Any CPU
		{6D6009F4-0AFB-4806-89D7-7945F20270F5}.Debug|Any CPU.Build.0 = Debug|Any CPU
		{6D6009F4-0AFB-4806-89D7-7945F20270F5}.Debug|ARM.ActiveCfg = Debug|Any CPU
		{6D6009F4-0AFB-4806-89D7-7945F20270F5}.Debug|Mixed Platforms.ActiveCfg = Debug|Any CPU
		{6D6009F4-0AFB-4806-89D7-7945F20270F5}.Debug|Mixed Platforms.Build.0 = Debug|Any CPU
		{6D6009F4-0AFB-4806-89D7-7945F20270F5}.Debug|x86.ActiveCfg = Debug|Any CPU
		{6D6009F4-0AFB-4806-89D7-7945F20270F5}.Release|Any CPU.ActiveCfg = Release|Any CPU
		{6D6009F4-0AFB-4806-89D7-7945F20270F5}.Release|Any CPU.Build.0 = Release|Any CPU
		{6D6009F4-0AFB-4806-89D7-7945F20270F5}.Release|ARM.ActiveCfg = Release|Any CPU
		{6D6009F4-0AFB-4806-89D7-7945F20270F5}.Release|Mixed Platforms.ActiveCfg = Release|Any CPU
		{6D6009F4-0AFB-4806-89D7-7945F20270F5}.Release|Mixed Platforms.Build.0 = Release|Any CPU
		{6D6009F4-0AFB-4806-89D7-7945F20270F5}.Release|x86.ActiveCfg = Release|Any CPU
		{E21858C2-3011-4AC2-B3BA-57FB4EE7609A}.Debug|Any CPU.ActiveCfg = Debug|Any CPU
		{E21858C2-3011-4AC2-B3BA-57FB4EE7609A}.Debug|Any CPU.Build.0 = Debug|Any CPU
		{E21858C2-3011-4AC2-B3BA-57FB4EE7609A}.Debug|ARM.ActiveCfg = Debug|Any CPU
		{E21858C2-3011-4AC2-B3BA-57FB4EE7609A}.Debug|Mixed Platforms.ActiveCfg = Debug|Any CPU
		{E21858C2-3011-4AC2-B3BA-57FB4EE7609A}.Debug|Mixed Platforms.Build.0 = Debug|Any CPU
		{E21858C2-3011-4AC2-B3BA-57FB4EE7609A}.Debug|x86.ActiveCfg = Debug|Any CPU
		{E21858C2-3011-4AC2-B3BA-57FB4EE7609A}.Release|Any CPU.ActiveCfg = Release|Any CPU
		{E21858C2-3011-4AC2-B3BA-57FB4EE7609A}.Release|Any CPU.Build.0 = Release|Any CPU
		{E21858C2-3011-4AC2-B3BA-57FB4EE7609A}.Release|ARM.ActiveCfg = Release|Any CPU
		{E21858C2-3011-4AC2-B3BA-57FB4EE7609A}.Release|Mixed Platforms.ActiveCfg = Release|Any CPU
		{E21858C2-3011-4AC2-B3BA-57FB4EE7609A}.Release|Mixed Platforms.Build.0 = Release|Any CPU
		{E21858C2-3011-4AC2-B3BA-57FB4EE7609A}.Release|x86.ActiveCfg = Release|Any CPU
		{AE483C29-042E-4226-BA52-D247CE7676DA}.Debug|Any CPU.ActiveCfg = Debug|Any CPU
		{AE483C29-042E-4226-BA52-D247CE7676DA}.Debug|Any CPU.Build.0 = Debug|Any CPU
		{AE483C29-042E-4226-BA52-D247CE7676DA}.Debug|ARM.ActiveCfg = Debug|Any CPU
		{AE483C29-042E-4226-BA52-D247CE7676DA}.Debug|Mixed Platforms.ActiveCfg = Debug|Any CPU
		{AE483C29-042E-4226-BA52-D247CE7676DA}.Debug|Mixed Platforms.Build.0 = Debug|Any CPU
		{AE483C29-042E-4226-BA52-D247CE7676DA}.Debug|x86.ActiveCfg = Debug|Any CPU
		{AE483C29-042E-4226-BA52-D247CE7676DA}.Release|Any CPU.ActiveCfg = Release|Any CPU
		{AE483C29-042E-4226-BA52-D247CE7676DA}.Release|Any CPU.Build.0 = Release|Any CPU
		{AE483C29-042E-4226-BA52-D247CE7676DA}.Release|ARM.ActiveCfg = Release|Any CPU
		{AE483C29-042E-4226-BA52-D247CE7676DA}.Release|Mixed Platforms.ActiveCfg = Release|Any CPU
		{AE483C29-042E-4226-BA52-D247CE7676DA}.Release|Mixed Platforms.Build.0 = Release|Any CPU
		{AE483C29-042E-4226-BA52-D247CE7676DA}.Release|x86.ActiveCfg = Release|Any CPU
	EndGlobalSection
	GlobalSection(SolutionProperties) = preSolution
		HideSolutionNode = FALSE
	EndGlobalSection
EndGlobal
